
Microsoft Visual Studio Solution File, Format Version 12.00
# Visual Studio Version 17
VisualStudioVersion = 17.5.2.0
MinimumVisualStudioVersion = 10.0.40219.1
Project("{2150E333-8FDC-42A3-9474-1A3956D46DE8}") = "test", "test", "{0C88DD14-F956-CE84-757C-A364CCF449FC}"
EndProject
Project("{2150E333-8FDC-42A3-9474-1A3956D46DE8}") = "src", "src", "{827E0CD3-B72D-47B6-A68D-7590B98EB39B}"
EndProject
Project("{FAE04EC0-301F-11D3-BF4B-00C04F79EFBC}") = "Veggerby.Ignition.Tests", "test\Veggerby.Ignition.Tests\Veggerby.Ignition.Tests.csproj", "{D92CF263-40D6-750C-4163-4DC28A4E4AE1}"
EndProject
Project("{FAE04EC0-301F-11D3-BF4B-00C04F79EFBC}") = "Veggerby.Ignition", "src\Veggerby.Ignition\Veggerby.Ignition.csproj", "{0A0E4B90-A992-D202-7B3C-CAA1079587E3}"
EndProject
Project("{2150E333-8FDC-42A3-9474-1A3956D46DE8}") = "samples", "samples", "{5D20AA90-6969-D8BD-9DCD-8634F4692FDA}"
EndProject
Project("{FAE04EC0-301F-11D3-BF4B-00C04F79EFBC}") = "Simple", "samples\Simple\Simple.csproj", "{D3F8B97C-C15C-410A-BB1D-9374C58EBF25}"
EndProject
Project("{FAE04EC0-301F-11D3-BF4B-00C04F79EFBC}") = "Advanced", "samples\Advanced\Advanced.csproj", "{477653B8-AAAD-42A7-A4BE-64DBE58D0C51}"
EndProject
Project("{FAE04EC0-301F-11D3-BF4B-00C04F79EFBC}") = "WebApi", "samples\WebApi\WebApi.csproj", "{6DA6897D-793E-444D-BD59-9EB799713124}"
EndProject
Project("{FAE04EC0-301F-11D3-BF4B-00C04F79EFBC}") = "DependencyGraph", "samples\DependencyGraph\DependencyGraph.csproj", "{24BF368B-E2F7-47D8-B1D2-2F76FB052CF0}"
EndProject
Project("{FAE04EC0-301F-11D3-BF4B-00C04F79EFBC}") = "Bundles", "samples\Bundles\Bundles.csproj", "{0A8FE0FE-F0C0-427E-9114-16D181A53C66}"
EndProject
Project("{FAE04EC0-301F-11D3-BF4B-00C04F79EFBC}") = "TimeoutStrategies", "samples\TimeoutStrategies\TimeoutStrategies.csproj", "{B4942E45-F045-4132-8DA2-F71C78DEC0C6}"
EndProject
Project("{FAE04EC0-301F-11D3-BF4B-00C04F79EFBC}") = "TimelineExport", "samples\TimelineExport\TimelineExport.csproj", "{B86FD4CC-1384-4685-B83A-1E43D80CAFE6}"
EndProject
Project("{FAE04EC0-301F-11D3-BF4B-00C04F79EFBC}") = "Replay", "samples\Replay\Replay.csproj", "{991ECB2F-BC05-40AA-A4A8-72B2424B0D55}"
EndProject
Global
	GlobalSection(SolutionConfigurationPlatforms) = preSolution
		Debug|Any CPU = Debug|Any CPU
		Debug|x64 = Debug|x64
		Debug|x86 = Debug|x86
		Release|Any CPU = Release|Any CPU
		Release|x64 = Release|x64
		Release|x86 = Release|x86
	EndGlobalSection
	GlobalSection(ProjectConfigurationPlatforms) = postSolution
		{D92CF263-40D6-750C-4163-4DC28A4E4AE1}.Debug|Any CPU.ActiveCfg = Debug|Any CPU
		{D92CF263-40D6-750C-4163-4DC28A4E4AE1}.Debug|Any CPU.Build.0 = Debug|Any CPU
		{D92CF263-40D6-750C-4163-4DC28A4E4AE1}.Debug|x64.ActiveCfg = Debug|Any CPU
		{D92CF263-40D6-750C-4163-4DC28A4E4AE1}.Debug|x64.Build.0 = Debug|Any CPU
		{D92CF263-40D6-750C-4163-4DC28A4E4AE1}.Debug|x86.ActiveCfg = Debug|Any CPU
		{D92CF263-40D6-750C-4163-4DC28A4E4AE1}.Debug|x86.Build.0 = Debug|Any CPU
		{D92CF263-40D6-750C-4163-4DC28A4E4AE1}.Release|Any CPU.ActiveCfg = Release|Any CPU
		{D92CF263-40D6-750C-4163-4DC28A4E4AE1}.Release|Any CPU.Build.0 = Release|Any CPU
		{D92CF263-40D6-750C-4163-4DC28A4E4AE1}.Release|x64.ActiveCfg = Release|Any CPU
		{D92CF263-40D6-750C-4163-4DC28A4E4AE1}.Release|x64.Build.0 = Release|Any CPU
		{D92CF263-40D6-750C-4163-4DC28A4E4AE1}.Release|x86.ActiveCfg = Release|Any CPU
		{D92CF263-40D6-750C-4163-4DC28A4E4AE1}.Release|x86.Build.0 = Release|Any CPU
		{0A0E4B90-A992-D202-7B3C-CAA1079587E3}.Debug|Any CPU.ActiveCfg = Debug|Any CPU
		{0A0E4B90-A992-D202-7B3C-CAA1079587E3}.Debug|Any CPU.Build.0 = Debug|Any CPU
		{0A0E4B90-A992-D202-7B3C-CAA1079587E3}.Debug|x64.ActiveCfg = Debug|Any CPU
		{0A0E4B90-A992-D202-7B3C-CAA1079587E3}.Debug|x64.Build.0 = Debug|Any CPU
		{0A0E4B90-A992-D202-7B3C-CAA1079587E3}.Debug|x86.ActiveCfg = Debug|Any CPU
		{0A0E4B90-A992-D202-7B3C-CAA1079587E3}.Debug|x86.Build.0 = Debug|Any CPU
		{0A0E4B90-A992-D202-7B3C-CAA1079587E3}.Release|Any CPU.ActiveCfg = Release|Any CPU
		{0A0E4B90-A992-D202-7B3C-CAA1079587E3}.Release|Any CPU.Build.0 = Release|Any CPU
		{0A0E4B90-A992-D202-7B3C-CAA1079587E3}.Release|x64.ActiveCfg = Release|Any CPU
		{0A0E4B90-A992-D202-7B3C-CAA1079587E3}.Release|x64.Build.0 = Release|Any CPU
		{0A0E4B90-A992-D202-7B3C-CAA1079587E3}.Release|x86.ActiveCfg = Release|Any CPU
		{0A0E4B90-A992-D202-7B3C-CAA1079587E3}.Release|x86.Build.0 = Release|Any CPU
		{D3F8B97C-C15C-410A-BB1D-9374C58EBF25}.Debug|Any CPU.ActiveCfg = Debug|Any CPU
		{D3F8B97C-C15C-410A-BB1D-9374C58EBF25}.Debug|Any CPU.Build.0 = Debug|Any CPU
		{D3F8B97C-C15C-410A-BB1D-9374C58EBF25}.Debug|x64.ActiveCfg = Debug|Any CPU
		{D3F8B97C-C15C-410A-BB1D-9374C58EBF25}.Debug|x64.Build.0 = Debug|Any CPU
		{D3F8B97C-C15C-410A-BB1D-9374C58EBF25}.Debug|x86.ActiveCfg = Debug|Any CPU
		{D3F8B97C-C15C-410A-BB1D-9374C58EBF25}.Debug|x86.Build.0 = Debug|Any CPU
		{D3F8B97C-C15C-410A-BB1D-9374C58EBF25}.Release|Any CPU.ActiveCfg = Release|Any CPU
		{D3F8B97C-C15C-410A-BB1D-9374C58EBF25}.Release|Any CPU.Build.0 = Release|Any CPU
		{D3F8B97C-C15C-410A-BB1D-9374C58EBF25}.Release|x64.ActiveCfg = Release|Any CPU
		{D3F8B97C-C15C-410A-BB1D-9374C58EBF25}.Release|x64.Build.0 = Release|Any CPU
		{D3F8B97C-C15C-410A-BB1D-9374C58EBF25}.Release|x86.ActiveCfg = Release|Any CPU
		{D3F8B97C-C15C-410A-BB1D-9374C58EBF25}.Release|x86.Build.0 = Release|Any CPU
		{477653B8-AAAD-42A7-A4BE-64DBE58D0C51}.Debug|Any CPU.ActiveCfg = Debug|Any CPU
		{477653B8-AAAD-42A7-A4BE-64DBE58D0C51}.Debug|Any CPU.Build.0 = Debug|Any CPU
		{477653B8-AAAD-42A7-A4BE-64DBE58D0C51}.Debug|x64.ActiveCfg = Debug|Any CPU
		{477653B8-AAAD-42A7-A4BE-64DBE58D0C51}.Debug|x64.Build.0 = Debug|Any CPU
		{477653B8-AAAD-42A7-A4BE-64DBE58D0C51}.Debug|x86.ActiveCfg = Debug|Any CPU
		{477653B8-AAAD-42A7-A4BE-64DBE58D0C51}.Debug|x86.Build.0 = Debug|Any CPU
		{477653B8-AAAD-42A7-A4BE-64DBE58D0C51}.Release|Any CPU.ActiveCfg = Release|Any CPU
		{477653B8-AAAD-42A7-A4BE-64DBE58D0C51}.Release|Any CPU.Build.0 = Release|Any CPU
		{477653B8-AAAD-42A7-A4BE-64DBE58D0C51}.Release|x64.ActiveCfg = Release|Any CPU
		{477653B8-AAAD-42A7-A4BE-64DBE58D0C51}.Release|x64.Build.0 = Release|Any CPU
		{477653B8-AAAD-42A7-A4BE-64DBE58D0C51}.Release|x86.ActiveCfg = Release|Any CPU
		{477653B8-AAAD-42A7-A4BE-64DBE58D0C51}.Release|x86.Build.0 = Release|Any CPU
		{6DA6897D-793E-444D-BD59-9EB799713124}.Debug|Any CPU.ActiveCfg = Debug|Any CPU
		{6DA6897D-793E-444D-BD59-9EB799713124}.Debug|Any CPU.Build.0 = Debug|Any CPU
		{6DA6897D-793E-444D-BD59-9EB799713124}.Debug|x64.ActiveCfg = Debug|Any CPU
		{6DA6897D-793E-444D-BD59-9EB799713124}.Debug|x64.Build.0 = Debug|Any CPU
		{6DA6897D-793E-444D-BD59-9EB799713124}.Debug|x86.ActiveCfg = Debug|Any CPU
		{6DA6897D-793E-444D-BD59-9EB799713124}.Debug|x86.Build.0 = Debug|Any CPU
		{6DA6897D-793E-444D-BD59-9EB799713124}.Release|Any CPU.ActiveCfg = Release|Any CPU
		{6DA6897D-793E-444D-BD59-9EB799713124}.Release|Any CPU.Build.0 = Release|Any CPU
		{6DA6897D-793E-444D-BD59-9EB799713124}.Release|x64.ActiveCfg = Release|Any CPU
		{6DA6897D-793E-444D-BD59-9EB799713124}.Release|x64.Build.0 = Release|Any CPU
		{6DA6897D-793E-444D-BD59-9EB799713124}.Release|x86.ActiveCfg = Release|Any CPU
		{6DA6897D-793E-444D-BD59-9EB799713124}.Release|x86.Build.0 = Release|Any CPU
		{24BF368B-E2F7-47D8-B1D2-2F76FB052CF0}.Debug|Any CPU.ActiveCfg = Debug|Any CPU
		{24BF368B-E2F7-47D8-B1D2-2F76FB052CF0}.Debug|Any CPU.Build.0 = Debug|Any CPU
		{24BF368B-E2F7-47D8-B1D2-2F76FB052CF0}.Debug|x64.ActiveCfg = Debug|Any CPU
		{24BF368B-E2F7-47D8-B1D2-2F76FB052CF0}.Debug|x64.Build.0 = Debug|Any CPU
		{24BF368B-E2F7-47D8-B1D2-2F76FB052CF0}.Debug|x86.ActiveCfg = Debug|Any CPU
		{24BF368B-E2F7-47D8-B1D2-2F76FB052CF0}.Debug|x86.Build.0 = Debug|Any CPU
		{24BF368B-E2F7-47D8-B1D2-2F76FB052CF0}.Release|Any CPU.ActiveCfg = Release|Any CPU
		{24BF368B-E2F7-47D8-B1D2-2F76FB052CF0}.Release|Any CPU.Build.0 = Release|Any CPU
		{24BF368B-E2F7-47D8-B1D2-2F76FB052CF0}.Release|x64.ActiveCfg = Release|Any CPU
		{24BF368B-E2F7-47D8-B1D2-2F76FB052CF0}.Release|x64.Build.0 = Release|Any CPU
		{24BF368B-E2F7-47D8-B1D2-2F76FB052CF0}.Release|x86.ActiveCfg = Release|Any CPU
		{24BF368B-E2F7-47D8-B1D2-2F76FB052CF0}.Release|x86.Build.0 = Release|Any CPU
		{0A8FE0FE-F0C0-427E-9114-16D181A53C66}.Debug|Any CPU.ActiveCfg = Debug|Any CPU
		{0A8FE0FE-F0C0-427E-9114-16D181A53C66}.Debug|Any CPU.Build.0 = Debug|Any CPU
		{0A8FE0FE-F0C0-427E-9114-16D181A53C66}.Debug|x64.ActiveCfg = Debug|Any CPU
		{0A8FE0FE-F0C0-427E-9114-16D181A53C66}.Debug|x64.Build.0 = Debug|Any CPU
		{0A8FE0FE-F0C0-427E-9114-16D181A53C66}.Debug|x86.ActiveCfg = Debug|Any CPU
		{0A8FE0FE-F0C0-427E-9114-16D181A53C66}.Debug|x86.Build.0 = Debug|Any CPU
		{0A8FE0FE-F0C0-427E-9114-16D181A53C66}.Release|Any CPU.ActiveCfg = Release|Any CPU
		{0A8FE0FE-F0C0-427E-9114-16D181A53C66}.Release|Any CPU.Build.0 = Release|Any CPU
		{0A8FE0FE-F0C0-427E-9114-16D181A53C66}.Release|x64.ActiveCfg = Release|Any CPU
		{0A8FE0FE-F0C0-427E-9114-16D181A53C66}.Release|x64.Build.0 = Release|Any CPU
		{0A8FE0FE-F0C0-427E-9114-16D181A53C66}.Release|x86.ActiveCfg = Release|Any CPU
		{0A8FE0FE-F0C0-427E-9114-16D181A53C66}.Release|x86.Build.0 = Release|Any CPU
		{B4942E45-F045-4132-8DA2-F71C78DEC0C6}.Debug|Any CPU.ActiveCfg = Debug|Any CPU
		{B4942E45-F045-4132-8DA2-F71C78DEC0C6}.Debug|Any CPU.Build.0 = Debug|Any CPU
		{B4942E45-F045-4132-8DA2-F71C78DEC0C6}.Debug|x64.ActiveCfg = Debug|Any CPU
		{B4942E45-F045-4132-8DA2-F71C78DEC0C6}.Debug|x64.Build.0 = Debug|Any CPU
		{B4942E45-F045-4132-8DA2-F71C78DEC0C6}.Debug|x86.ActiveCfg = Debug|Any CPU
		{B4942E45-F045-4132-8DA2-F71C78DEC0C6}.Debug|x86.Build.0 = Debug|Any CPU
		{B4942E45-F045-4132-8DA2-F71C78DEC0C6}.Release|Any CPU.ActiveCfg = Release|Any CPU
		{B4942E45-F045-4132-8DA2-F71C78DEC0C6}.Release|Any CPU.Build.0 = Release|Any CPU
		{B4942E45-F045-4132-8DA2-F71C78DEC0C6}.Release|x64.ActiveCfg = Release|Any CPU
		{B4942E45-F045-4132-8DA2-F71C78DEC0C6}.Release|x64.Build.0 = Release|Any CPU
		{B4942E45-F045-4132-8DA2-F71C78DEC0C6}.Release|x86.ActiveCfg = Release|Any CPU
		{B4942E45-F045-4132-8DA2-F71C78DEC0C6}.Release|x86.Build.0 = Release|Any CPU
		{B86FD4CC-1384-4685-B83A-1E43D80CAFE6}.Debug|Any CPU.ActiveCfg = Debug|Any CPU
		{B86FD4CC-1384-4685-B83A-1E43D80CAFE6}.Debug|Any CPU.Build.0 = Debug|Any CPU
		{B86FD4CC-1384-4685-B83A-1E43D80CAFE6}.Debug|x64.ActiveCfg = Debug|Any CPU
		{B86FD4CC-1384-4685-B83A-1E43D80CAFE6}.Debug|x64.Build.0 = Debug|Any CPU
		{B86FD4CC-1384-4685-B83A-1E43D80CAFE6}.Debug|x86.ActiveCfg = Debug|Any CPU
		{B86FD4CC-1384-4685-B83A-1E43D80CAFE6}.Debug|x86.Build.0 = Debug|Any CPU
		{B86FD4CC-1384-4685-B83A-1E43D80CAFE6}.Release|Any CPU.ActiveCfg = Release|Any CPU
		{B86FD4CC-1384-4685-B83A-1E43D80CAFE6}.Release|Any CPU.Build.0 = Release|Any CPU
		{B86FD4CC-1384-4685-B83A-1E43D80CAFE6}.Release|x64.ActiveCfg = Release|Any CPU
		{B86FD4CC-1384-4685-B83A-1E43D80CAFE6}.Release|x64.Build.0 = Release|Any CPU
		{B86FD4CC-1384-4685-B83A-1E43D80CAFE6}.Release|x86.ActiveCfg = Release|Any CPU
		{B86FD4CC-1384-4685-B83A-1E43D80CAFE6}.Release|x86.Build.0 = Release|Any CPU
		{991ECB2F-BC05-40AA-A4A8-72B2424B0D55}.Debug|Any CPU.ActiveCfg = Debug|Any CPU
		{991ECB2F-BC05-40AA-A4A8-72B2424B0D55}.Debug|Any CPU.Build.0 = Debug|Any CPU
		{991ECB2F-BC05-40AA-A4A8-72B2424B0D55}.Debug|x64.ActiveCfg = Debug|Any CPU
		{991ECB2F-BC05-40AA-A4A8-72B2424B0D55}.Debug|x64.Build.0 = Debug|Any CPU
		{991ECB2F-BC05-40AA-A4A8-72B2424B0D55}.Debug|x86.ActiveCfg = Debug|Any CPU
		{991ECB2F-BC05-40AA-A4A8-72B2424B0D55}.Debug|x86.Build.0 = Debug|Any CPU
		{991ECB2F-BC05-40AA-A4A8-72B2424B0D55}.Release|Any CPU.ActiveCfg = Release|Any CPU
		{991ECB2F-BC05-40AA-A4A8-72B2424B0D55}.Release|Any CPU.Build.0 = Release|Any CPU
		{991ECB2F-BC05-40AA-A4A8-72B2424B0D55}.Release|x64.ActiveCfg = Release|Any CPU
		{991ECB2F-BC05-40AA-A4A8-72B2424B0D55}.Release|x64.Build.0 = Release|Any CPU
		{991ECB2F-BC05-40AA-A4A8-72B2424B0D55}.Release|x86.ActiveCfg = Release|Any CPU
		{991ECB2F-BC05-40AA-A4A8-72B2424B0D55}.Release|x86.Build.0 = Release|Any CPU
	EndGlobalSection
	GlobalSection(SolutionProperties) = preSolution
		HideSolutionNode = FALSE
	EndGlobalSection
	GlobalSection(NestedProjects) = preSolution
		{D92CF263-40D6-750C-4163-4DC28A4E4AE1} = {0C88DD14-F956-CE84-757C-A364CCF449FC}
		{0A0E4B90-A992-D202-7B3C-CAA1079587E3} = {827E0CD3-B72D-47B6-A68D-7590B98EB39B}
		{D3F8B97C-C15C-410A-BB1D-9374C58EBF25} = {5D20AA90-6969-D8BD-9DCD-8634F4692FDA}
		{477653B8-AAAD-42A7-A4BE-64DBE58D0C51} = {5D20AA90-6969-D8BD-9DCD-8634F4692FDA}
		{6DA6897D-793E-444D-BD59-9EB799713124} = {5D20AA90-6969-D8BD-9DCD-8634F4692FDA}
		{24BF368B-E2F7-47D8-B1D2-2F76FB052CF0} = {5D20AA90-6969-D8BD-9DCD-8634F4692FDA}
		{0A8FE0FE-F0C0-427E-9114-16D181A53C66} = {5D20AA90-6969-D8BD-9DCD-8634F4692FDA}
		{B4942E45-F045-4132-8DA2-F71C78DEC0C6} = {5D20AA90-6969-D8BD-9DCD-8634F4692FDA}
		{B86FD4CC-1384-4685-B83A-1E43D80CAFE6} = {5D20AA90-6969-D8BD-9DCD-8634F4692FDA}
		{991ECB2F-BC05-40AA-A4A8-72B2424B0D55} = {5D20AA90-6969-D8BD-9DCD-8634F4692FDA}
	EndGlobalSection
	GlobalSection(ExtensibilityGlobals) = postSolution
		SolutionGuid = {6B5CFCE6-EF4C-43ED-ADA2-C357D7A87040}
	EndGlobalSection
EndGlobal
