
Microsoft Visual Studio Solution File, Format Version 12.00
# Visual Studio Version 17
VisualStudioVersion = 17.5.2.0
MinimumVisualStudioVersion = 10.0.40219.1
Project("{2150E333-8FDC-42A3-9474-1A3956D46DE8}") = "test", "test", "{0C88DD14-F956-CE84-757C-A364CCF449FC}"
EndProject
Project("{2150E333-8FDC-42A3-9474-1A3956D46DE8}") = "src", "src", "{827E0CD3-B72D-47B6-A68D-7590B98EB39B}"
EndProject
Project("{FAE04EC0-301F-11D3-BF4B-00C04F79EFBC}") = "Veggerby.Ignition.Tests", "test\Veggerby.Ignition.Tests\Veggerby.Ignition.Tests.csproj", "{D92CF263-40D6-750C-4163-4DC28A4E4AE1}"
EndProject
Project("{FAE04EC0-301F-11D3-BF4B-00C04F79EFBC}") = "Veggerby.Ignition", "src\Veggerby.Ignition\Veggerby.Ignition.csproj", "{0A0E4B90-A992-D202-7B3C-CAA1079587E3}"
EndProject
Project("{2150E333-8FDC-42A3-9474-1A3956D46DE8}") = "samples", "samples", "{5D20AA90-6969-D8BD-9DCD-8634F4692FDA}"
EndProject
Project("{FAE04EC0-301F-11D3-BF4B-00C04F79EFBC}") = "Simple", "samples\Simple\Simple.csproj", "{D3F8B97C-C15C-410A-BB1D-9374C58EBF25}"
EndProject
Project("{FAE04EC0-301F-11D3-BF4B-00C04F79EFBC}") = "Advanced", "samples\Advanced\Advanced.csproj", "{477653B8-AAAD-42A7-A4BE-64DBE58D0C51}"
EndProject
Project("{FAE04EC0-301F-11D3-BF4B-00C04F79EFBC}") = "WebApi", "samples\WebApi\WebApi.csproj", "{6DA6897D-793E-444D-BD59-9EB799713124}"
EndProject
Project("{FAE04EC0-301F-11D3-BF4B-00C04F79EFBC}") = "DependencyGraph", "samples\DependencyGraph\DependencyGraph.csproj", "{24BF368B-E2F7-47D8-B1D2-2F76FB052CF0}"
EndProject
Project("{FAE04EC0-301F-11D3-BF4B-00C04F79EFBC}") = "Bundles", "samples\Bundles\Bundles.csproj", "{0A8FE0FE-F0C0-427E-9114-16D181A53C66}"
EndProject
Project("{FAE04EC0-301F-11D3-BF4B-00C04F79EFBC}") = "TimeoutStrategies", "samples\TimeoutStrategies\TimeoutStrategies.csproj", "{B4942E45-F045-4132-8DA2-F71C78DEC0C6}"
EndProject
Project("{FAE04EC0-301F-11D3-BF4B-00C04F79EFBC}") = "TimelineExport", "samples\TimelineExport\TimelineExport.csproj", "{B86FD4CC-1384-4685-B83A-1E43D80CAFE6}"
EndProject
Project("{FAE04EC0-301F-11D3-BF4B-00C04F79EFBC}") = "Replay", "samples\Replay\Replay.csproj", "{991ECB2F-BC05-40AA-A4A8-72B2424B0D55}"
EndProject
Project("{FAE04EC0-301F-11D3-BF4B-00C04F79EFBC}") = "Worker", "samples\Worker\Worker.csproj", "{97B9A781-EB71-4DC9-B6A7-DE7CF8266F89}"
EndProject
Project("{2150E333-8FDC-42A3-9474-1A3956D46DE8}") = "benchmarks", "benchmarks", "{66320409-64EC-F7C5-3DEF-65E7510DAAD1}"
EndProject
Project("{FAE04EC0-301F-11D3-BF4B-00C04F79EFBC}") = "Veggerby.Ignition.Benchmarks", "benchmarks\Veggerby.Ignition.Benchmarks\Veggerby.Ignition.Benchmarks.csproj", "{B531B297-F7FD-4394-A526-FDD0ACBFF5C2}"
EndProject
Project("{FAE04EC0-301F-11D3-BF4B-00C04F79EFBC}") = "Veggerby.Ignition.MassTransit", "src\Veggerby.Ignition.MassTransit\Veggerby.Ignition.MassTransit.csproj", "{CD55F18B-E170-4E76-9293-34A826DB740F}"
EndProject
Project("{FAE04EC0-301F-11D3-BF4B-00C04F79EFBC}") = "Veggerby.Ignition.RabbitMq.Tests", "test\Veggerby.Ignition.RabbitMq.Tests\Veggerby.Ignition.RabbitMq.Tests.csproj", "{9F979ED5-5434-4844-A8AC-5E0CF7ABE814}"
EndProject
Project("{FAE04EC0-301F-11D3-BF4B-00C04F79EFBC}") = "Veggerby.Ignition.RabbitMq", "src\Veggerby.Ignition.RabbitMq\Veggerby.Ignition.RabbitMq.csproj", "{AF5DAAF0-FD88-4BD3-BF49-9AC282C6BCF9}"
EndProject
Project("{FAE04EC0-301F-11D3-BF4B-00C04F79EFBC}") = "Veggerby.Ignition.MassTransit.Tests", "test\Veggerby.Ignition.MassTransit.Tests\Veggerby.Ignition.MassTransit.Tests.csproj", "{B9F9A311-4C10-4502-9976-75D7263370E4}"
EndProject
Project("{FAE04EC0-301F-11D3-BF4B-00C04F79EFBC}") = "Messaging", "samples\Messaging\Messaging.csproj", "{B1112222-7A96-4D16-A9F6-5BE7B56BD82E}"
EndProject
Project("{FAE04EC0-301F-11D3-BF4B-00C04F79EFBC}") = "Veggerby.Ignition.Marten", "src\Veggerby.Ignition.Marten\Veggerby.Ignition.Marten.csproj", "{7572FBAD-829F-42ED-A9B6-E47CBC741224}"
EndProject
Project("{FAE04EC0-301F-11D3-BF4B-00C04F79EFBC}") = "Veggerby.Ignition.SqlServer.Tests", "test\Veggerby.Ignition.SqlServer.Tests\Veggerby.Ignition.SqlServer.Tests.csproj", "{4174FE12-2785-4411-838A-052B03A87EC9}"
EndProject
Project("{FAE04EC0-301F-11D3-BF4B-00C04F79EFBC}") = "Veggerby.Ignition.SqlServer", "src\Veggerby.Ignition.SqlServer\Veggerby.Ignition.SqlServer.csproj", "{C60320BA-C1A7-45D6-81CC-1C3741966D6B}"
EndProject
Project("{FAE04EC0-301F-11D3-BF4B-00C04F79EFBC}") = "Veggerby.Ignition.Postgres.Tests", "test\Veggerby.Ignition.Postgres.Tests\Veggerby.Ignition.Postgres.Tests.csproj", "{BA3F2EF7-B58B-481D-B851-F47E116C8D75}"
EndProject
Project("{FAE04EC0-301F-11D3-BF4B-00C04F79EFBC}") = "Veggerby.Ignition.Postgres", "src\Veggerby.Ignition.Postgres\Veggerby.Ignition.Postgres.csproj", "{7B9D95D3-2612-447D-8EC1-92B5644C5FA9}"
EndProject
Project("{FAE04EC0-301F-11D3-BF4B-00C04F79EFBC}") = "Veggerby.Ignition.Marten.Tests", "test\Veggerby.Ignition.Marten.Tests\Veggerby.Ignition.Marten.Tests.csproj", "{6E6BE2D9-7B7E-4FE8-906A-3DD6E90B58A7}"
EndProject
Project("{FAE04EC0-301F-11D3-BF4B-00C04F79EFBC}") = "Veggerby.Ignition.MongoDb.Tests", "test\Veggerby.Ignition.MongoDb.Tests\Veggerby.Ignition.MongoDb.Tests.csproj", "{749B3983-4B88-47B5-99ED-A32625BB1D08}"
EndProject
Project("{FAE04EC0-301F-11D3-BF4B-00C04F79EFBC}") = "Veggerby.Ignition.MongoDb", "src\Veggerby.Ignition.MongoDb\Veggerby.Ignition.MongoDb.csproj", "{FAF0FA47-1835-4092-AB79-A56ACE87E583}"
EndProject
Project("{FAE04EC0-301F-11D3-BF4B-00C04F79EFBC}") = "Veggerby.Ignition.Http.Tests", "test\Veggerby.Ignition.Http.Tests\Veggerby.Ignition.Http.Tests.csproj", "{FC634D35-7C29-43D1-89D9-1AF95D76C792}"
EndProject
Project("{FAE04EC0-301F-11D3-BF4B-00C04F79EFBC}") = "Veggerby.Ignition.Http", "src\Veggerby.Ignition.Http\Veggerby.Ignition.Http.csproj", "{CB30EBD3-B2D5-4111-831A-EAA53DAE3336}"
EndProject
Project("{FAE04EC0-301F-11D3-BF4B-00C04F79EFBC}") = "Veggerby.Ignition.Grpc", "src\Veggerby.Ignition.Grpc\Veggerby.Ignition.Grpc.csproj", "{DC405815-2FF3-4E39-9C68-6872EFE3DF09}"
EndProject
Project("{FAE04EC0-301F-11D3-BF4B-00C04F79EFBC}") = "Veggerby.Ignition.Grpc.Tests", "test\Veggerby.Ignition.Grpc.Tests\Veggerby.Ignition.Grpc.Tests.csproj", "{BB3558F0-9B6C-42ED-AEBC-F18AD1A711E4}"
EndProject
Project("{FAE04EC0-301F-11D3-BF4B-00C04F79EFBC}") = "Veggerby.Ignition.Orleans", "src\Veggerby.Ignition.Orleans\Veggerby.Ignition.Orleans.csproj", "{44FED8BB-4579-485E-ACE5-C7801516F999}"
EndProject
Project("{FAE04EC0-301F-11D3-BF4B-00C04F79EFBC}") = "Veggerby.Ignition.Orleans.Tests", "test\Veggerby.Ignition.Orleans.Tests\Veggerby.Ignition.Orleans.Tests.csproj", "{FC6AB4A2-09E8-41F2-9DE4-284F24F6E11F}"
EndProject
Project("{FAE04EC0-301F-11D3-BF4B-00C04F79EFBC}") = "Veggerby.Ignition.Memcached", "src\Veggerby.Ignition.Memcached\Veggerby.Ignition.Memcached.csproj", "{6EFF1644-DB70-4A12-9D8D-71625D03951A}"
EndProject
Project("{FAE04EC0-301F-11D3-BF4B-00C04F79EFBC}") = "Veggerby.Ignition.Redis.Tests", "test\Veggerby.Ignition.Redis.Tests\Veggerby.Ignition.Redis.Tests.csproj", "{F1FA1CE4-F16D-4696-9A47-22F523B380BF}"
EndProject
Project("{FAE04EC0-301F-11D3-BF4B-00C04F79EFBC}") = "Veggerby.Ignition.Redis", "src\Veggerby.Ignition.Redis\Veggerby.Ignition.Redis.csproj", "{E966007E-5A6C-4248-B26E-7F7B743A58FE}"
EndProject
Project("{FAE04EC0-301F-11D3-BF4B-00C04F79EFBC}") = "Veggerby.Ignition.Aws", "src\Veggerby.Ignition.Aws\Veggerby.Ignition.Aws.csproj", "{F9F7A88A-7FF5-4979-ABF7-AF2F19B93E12}"
EndProject
Project("{FAE04EC0-301F-11D3-BF4B-00C04F79EFBC}") = "Veggerby.Ignition.Azure.Tests", "test\Veggerby.Ignition.Azure.Tests\Veggerby.Ignition.Azure.Tests.csproj", "{1C76B6DF-F7A7-495E-8787-F7373F3017FF}"
EndProject
Project("{FAE04EC0-301F-11D3-BF4B-00C04F79EFBC}") = "Veggerby.Ignition.Azure", "src\Veggerby.Ignition.Azure\Veggerby.Ignition.Azure.csproj", "{F6D0C9B3-4770-44C7-9B14-7A4B9F64A9A8}"
EndProject
Project("{FAE04EC0-301F-11D3-BF4B-00C04F79EFBC}") = "Cloud", "samples\Cloud\Cloud.csproj", "{146A9EC8-93FF-4DC8-809B-32A3057F7E36}"
EndProject
Project("{FAE04EC0-301F-11D3-BF4B-00C04F79EFBC}") = "Veggerby.Ignition.Aws.Tests", "test\Veggerby.Ignition.Aws.Tests\Veggerby.Ignition.Aws.Tests.csproj", "{075CAEE1-552B-4BBE-BFA0-C3C675F67D46}"
EndProject
Project("{FAE04EC0-301F-11D3-BF4B-00C04F79EFBC}") = "TestcontainersDemo", "samples\TestcontainersDemo\TestcontainersDemo.csproj", "{447BC005-CD43-4CCF-9D49-9819F954FA11}"
EndProject
Project("{FAE04EC0-301F-11D3-BF4B-00C04F79EFBC}") = "SimpleMode", "samples\SimpleMode\SimpleMode.csproj", "{EE9513CD-E00C-47DC-91EE-60AE40D92A27}"
EndProject
Project("{FAE04EC0-301F-11D3-BF4B-00C04F79EFBC}") = "Veggerby.Ignition.Metrics.OpenTelemetry.Tests", "test\Veggerby.Ignition.Metrics.OpenTelemetry.Tests\Veggerby.Ignition.Metrics.OpenTelemetry.Tests.csproj", "{08FB9C21-E7E1-45C4-AF77-EB14F1D43B99}"
EndProject
Project("{FAE04EC0-301F-11D3-BF4B-00C04F79EFBC}") = "Veggerby.Ignition.Metrics.OpenTelemetry", "src\Veggerby.Ignition.Metrics.OpenTelemetry\Veggerby.Ignition.Metrics.OpenTelemetry.csproj", "{4F1AF5AE-0C1D-4F86-894D-794DA3316EEB}"
EndProject
Project("{FAE04EC0-301F-11D3-BF4B-00C04F79EFBC}") = "Veggerby.Ignition.Metrics.Prometheus.Tests", "test\Veggerby.Ignition.Metrics.Prometheus.Tests\Veggerby.Ignition.Metrics.Prometheus.Tests.csproj", "{B51FABFF-CFF6-4D80-9A17-C8E35F430F1C}"
EndProject
Project("{FAE04EC0-301F-11D3-BF4B-00C04F79EFBC}") = "Veggerby.Ignition.Metrics.Prometheus", "src\Veggerby.Ignition.Metrics.Prometheus\Veggerby.Ignition.Metrics.Prometheus.csproj", "{0EA9F99D-7699-4AB0-980D-B7AA2490B4CC}"
EndProject
Project("{FAE04EC0-301F-11D3-BF4B-00C04F79EFBC}") = "Veggerby.Ignition.Kafka", "src\Veggerby.Ignition.Kafka\Veggerby.Ignition.Kafka.csproj", "{B90F5EC8-241A-4981-A4EE-ED8D61D0035F}"
EndProject
Project("{FAE04EC0-301F-11D3-BF4B-00C04F79EFBC}") = "Veggerby.Ignition.Kafka.Tests", "test\Veggerby.Ignition.Kafka.Tests\Veggerby.Ignition.Kafka.Tests.csproj", "{3F8ACB3C-1C19-465D-8EC7-DFD9DD7B7803}"
EndProject
Project("{FAE04EC0-301F-11D3-BF4B-00C04F79EFBC}") = "Veggerby.Ignition.Elasticsearch.Tests", "test\Veggerby.Ignition.Elasticsearch.Tests\Veggerby.Ignition.Elasticsearch.Tests.csproj", "{90B5C5DF-CA1A-4010-A201-A98B220B6B9F}"
EndProject
Project("{FAE04EC0-301F-11D3-BF4B-00C04F79EFBC}") = "Veggerby.Ignition.Elasticsearch", "src\Veggerby.Ignition.Elasticsearch\Veggerby.Ignition.Elasticsearch.csproj", "{9CB5A855-2727-4A07-A2F6-BD7ADD8D1B98}"
EndProject
Global
	GlobalSection(SolutionConfigurationPlatforms) = preSolution
		Debug|Any CPU = Debug|Any CPU
		Debug|x64 = Debug|x64
		Debug|x86 = Debug|x86
		Release|Any CPU = Release|Any CPU
		Release|x64 = Release|x64
		Release|x86 = Release|x86
	EndGlobalSection
	GlobalSection(ProjectConfigurationPlatforms) = postSolution
		{D92CF263-40D6-750C-4163-4DC28A4E4AE1}.Debug|Any CPU.ActiveCfg = Debug|Any CPU
		{D92CF263-40D6-750C-4163-4DC28A4E4AE1}.Debug|Any CPU.Build.0 = Debug|Any CPU
		{D92CF263-40D6-750C-4163-4DC28A4E4AE1}.Debug|x64.ActiveCfg = Debug|Any CPU
		{D92CF263-40D6-750C-4163-4DC28A4E4AE1}.Debug|x64.Build.0 = Debug|Any CPU
		{D92CF263-40D6-750C-4163-4DC28A4E4AE1}.Debug|x86.ActiveCfg = Debug|Any CPU
		{D92CF263-40D6-750C-4163-4DC28A4E4AE1}.Debug|x86.Build.0 = Debug|Any CPU
		{D92CF263-40D6-750C-4163-4DC28A4E4AE1}.Release|Any CPU.ActiveCfg = Release|Any CPU
		{D92CF263-40D6-750C-4163-4DC28A4E4AE1}.Release|Any CPU.Build.0 = Release|Any CPU
		{D92CF263-40D6-750C-4163-4DC28A4E4AE1}.Release|x64.ActiveCfg = Release|Any CPU
		{D92CF263-40D6-750C-4163-4DC28A4E4AE1}.Release|x64.Build.0 = Release|Any CPU
		{D92CF263-40D6-750C-4163-4DC28A4E4AE1}.Release|x86.ActiveCfg = Release|Any CPU
		{D92CF263-40D6-750C-4163-4DC28A4E4AE1}.Release|x86.Build.0 = Release|Any CPU
		{0A0E4B90-A992-D202-7B3C-CAA1079587E3}.Debug|Any CPU.ActiveCfg = Debug|Any CPU
		{0A0E4B90-A992-D202-7B3C-CAA1079587E3}.Debug|Any CPU.Build.0 = Debug|Any CPU
		{0A0E4B90-A992-D202-7B3C-CAA1079587E3}.Debug|x64.ActiveCfg = Debug|Any CPU
		{0A0E4B90-A992-D202-7B3C-CAA1079587E3}.Debug|x64.Build.0 = Debug|Any CPU
		{0A0E4B90-A992-D202-7B3C-CAA1079587E3}.Debug|x86.ActiveCfg = Debug|Any CPU
		{0A0E4B90-A992-D202-7B3C-CAA1079587E3}.Debug|x86.Build.0 = Debug|Any CPU
		{0A0E4B90-A992-D202-7B3C-CAA1079587E3}.Release|Any CPU.ActiveCfg = Release|Any CPU
		{0A0E4B90-A992-D202-7B3C-CAA1079587E3}.Release|Any CPU.Build.0 = Release|Any CPU
		{0A0E4B90-A992-D202-7B3C-CAA1079587E3}.Release|x64.ActiveCfg = Release|Any CPU
		{0A0E4B90-A992-D202-7B3C-CAA1079587E3}.Release|x64.Build.0 = Release|Any CPU
		{0A0E4B90-A992-D202-7B3C-CAA1079587E3}.Release|x86.ActiveCfg = Release|Any CPU
		{0A0E4B90-A992-D202-7B3C-CAA1079587E3}.Release|x86.Build.0 = Release|Any CPU
		{D3F8B97C-C15C-410A-BB1D-9374C58EBF25}.Debug|Any CPU.ActiveCfg = Debug|Any CPU
		{D3F8B97C-C15C-410A-BB1D-9374C58EBF25}.Debug|Any CPU.Build.0 = Debug|Any CPU
		{D3F8B97C-C15C-410A-BB1D-9374C58EBF25}.Debug|x64.ActiveCfg = Debug|Any CPU
		{D3F8B97C-C15C-410A-BB1D-9374C58EBF25}.Debug|x64.Build.0 = Debug|Any CPU
		{D3F8B97C-C15C-410A-BB1D-9374C58EBF25}.Debug|x86.ActiveCfg = Debug|Any CPU
		{D3F8B97C-C15C-410A-BB1D-9374C58EBF25}.Debug|x86.Build.0 = Debug|Any CPU
		{D3F8B97C-C15C-410A-BB1D-9374C58EBF25}.Release|Any CPU.ActiveCfg = Release|Any CPU
		{D3F8B97C-C15C-410A-BB1D-9374C58EBF25}.Release|Any CPU.Build.0 = Release|Any CPU
		{D3F8B97C-C15C-410A-BB1D-9374C58EBF25}.Release|x64.ActiveCfg = Release|Any CPU
		{D3F8B97C-C15C-410A-BB1D-9374C58EBF25}.Release|x64.Build.0 = Release|Any CPU
		{D3F8B97C-C15C-410A-BB1D-9374C58EBF25}.Release|x86.ActiveCfg = Release|Any CPU
		{D3F8B97C-C15C-410A-BB1D-9374C58EBF25}.Release|x86.Build.0 = Release|Any CPU
		{477653B8-AAAD-42A7-A4BE-64DBE58D0C51}.Debug|Any CPU.ActiveCfg = Debug|Any CPU
		{477653B8-AAAD-42A7-A4BE-64DBE58D0C51}.Debug|Any CPU.Build.0 = Debug|Any CPU
		{477653B8-AAAD-42A7-A4BE-64DBE58D0C51}.Debug|x64.ActiveCfg = Debug|Any CPU
		{477653B8-AAAD-42A7-A4BE-64DBE58D0C51}.Debug|x64.Build.0 = Debug|Any CPU
		{477653B8-AAAD-42A7-A4BE-64DBE58D0C51}.Debug|x86.ActiveCfg = Debug|Any CPU
		{477653B8-AAAD-42A7-A4BE-64DBE58D0C51}.Debug|x86.Build.0 = Debug|Any CPU
		{477653B8-AAAD-42A7-A4BE-64DBE58D0C51}.Release|Any CPU.ActiveCfg = Release|Any CPU
		{477653B8-AAAD-42A7-A4BE-64DBE58D0C51}.Release|Any CPU.Build.0 = Release|Any CPU
		{477653B8-AAAD-42A7-A4BE-64DBE58D0C51}.Release|x64.ActiveCfg = Release|Any CPU
		{477653B8-AAAD-42A7-A4BE-64DBE58D0C51}.Release|x64.Build.0 = Release|Any CPU
		{477653B8-AAAD-42A7-A4BE-64DBE58D0C51}.Release|x86.ActiveCfg = Release|Any CPU
		{477653B8-AAAD-42A7-A4BE-64DBE58D0C51}.Release|x86.Build.0 = Release|Any CPU
		{6DA6897D-793E-444D-BD59-9EB799713124}.Debug|Any CPU.ActiveCfg = Debug|Any CPU
		{6DA6897D-793E-444D-BD59-9EB799713124}.Debug|Any CPU.Build.0 = Debug|Any CPU
		{6DA6897D-793E-444D-BD59-9EB799713124}.Debug|x64.ActiveCfg = Debug|Any CPU
		{6DA6897D-793E-444D-BD59-9EB799713124}.Debug|x64.Build.0 = Debug|Any CPU
		{6DA6897D-793E-444D-BD59-9EB799713124}.Debug|x86.ActiveCfg = Debug|Any CPU
		{6DA6897D-793E-444D-BD59-9EB799713124}.Debug|x86.Build.0 = Debug|Any CPU
		{6DA6897D-793E-444D-BD59-9EB799713124}.Release|Any CPU.ActiveCfg = Release|Any CPU
		{6DA6897D-793E-444D-BD59-9EB799713124}.Release|Any CPU.Build.0 = Release|Any CPU
		{6DA6897D-793E-444D-BD59-9EB799713124}.Release|x64.ActiveCfg = Release|Any CPU
		{6DA6897D-793E-444D-BD59-9EB799713124}.Release|x64.Build.0 = Release|Any CPU
		{6DA6897D-793E-444D-BD59-9EB799713124}.Release|x86.ActiveCfg = Release|Any CPU
		{6DA6897D-793E-444D-BD59-9EB799713124}.Release|x86.Build.0 = Release|Any CPU
		{24BF368B-E2F7-47D8-B1D2-2F76FB052CF0}.Debug|Any CPU.ActiveCfg = Debug|Any CPU
		{24BF368B-E2F7-47D8-B1D2-2F76FB052CF0}.Debug|Any CPU.Build.0 = Debug|Any CPU
		{24BF368B-E2F7-47D8-B1D2-2F76FB052CF0}.Debug|x64.ActiveCfg = Debug|Any CPU
		{24BF368B-E2F7-47D8-B1D2-2F76FB052CF0}.Debug|x64.Build.0 = Debug|Any CPU
		{24BF368B-E2F7-47D8-B1D2-2F76FB052CF0}.Debug|x86.ActiveCfg = Debug|Any CPU
		{24BF368B-E2F7-47D8-B1D2-2F76FB052CF0}.Debug|x86.Build.0 = Debug|Any CPU
		{24BF368B-E2F7-47D8-B1D2-2F76FB052CF0}.Release|Any CPU.ActiveCfg = Release|Any CPU
		{24BF368B-E2F7-47D8-B1D2-2F76FB052CF0}.Release|Any CPU.Build.0 = Release|Any CPU
		{24BF368B-E2F7-47D8-B1D2-2F76FB052CF0}.Release|x64.ActiveCfg = Release|Any CPU
		{24BF368B-E2F7-47D8-B1D2-2F76FB052CF0}.Release|x64.Build.0 = Release|Any CPU
		{24BF368B-E2F7-47D8-B1D2-2F76FB052CF0}.Release|x86.ActiveCfg = Release|Any CPU
		{24BF368B-E2F7-47D8-B1D2-2F76FB052CF0}.Release|x86.Build.0 = Release|Any CPU
		{0A8FE0FE-F0C0-427E-9114-16D181A53C66}.Debug|Any CPU.ActiveCfg = Debug|Any CPU
		{0A8FE0FE-F0C0-427E-9114-16D181A53C66}.Debug|Any CPU.Build.0 = Debug|Any CPU
		{0A8FE0FE-F0C0-427E-9114-16D181A53C66}.Debug|x64.ActiveCfg = Debug|Any CPU
		{0A8FE0FE-F0C0-427E-9114-16D181A53C66}.Debug|x64.Build.0 = Debug|Any CPU
		{0A8FE0FE-F0C0-427E-9114-16D181A53C66}.Debug|x86.ActiveCfg = Debug|Any CPU
		{0A8FE0FE-F0C0-427E-9114-16D181A53C66}.Debug|x86.Build.0 = Debug|Any CPU
		{0A8FE0FE-F0C0-427E-9114-16D181A53C66}.Release|Any CPU.ActiveCfg = Release|Any CPU
		{0A8FE0FE-F0C0-427E-9114-16D181A53C66}.Release|Any CPU.Build.0 = Release|Any CPU
		{0A8FE0FE-F0C0-427E-9114-16D181A53C66}.Release|x64.ActiveCfg = Release|Any CPU
		{0A8FE0FE-F0C0-427E-9114-16D181A53C66}.Release|x64.Build.0 = Release|Any CPU
		{0A8FE0FE-F0C0-427E-9114-16D181A53C66}.Release|x86.ActiveCfg = Release|Any CPU
		{0A8FE0FE-F0C0-427E-9114-16D181A53C66}.Release|x86.Build.0 = Release|Any CPU
		{B4942E45-F045-4132-8DA2-F71C78DEC0C6}.Debug|Any CPU.ActiveCfg = Debug|Any CPU
		{B4942E45-F045-4132-8DA2-F71C78DEC0C6}.Debug|Any CPU.Build.0 = Debug|Any CPU
		{B4942E45-F045-4132-8DA2-F71C78DEC0C6}.Debug|x64.ActiveCfg = Debug|Any CPU
		{B4942E45-F045-4132-8DA2-F71C78DEC0C6}.Debug|x64.Build.0 = Debug|Any CPU
		{B4942E45-F045-4132-8DA2-F71C78DEC0C6}.Debug|x86.ActiveCfg = Debug|Any CPU
		{B4942E45-F045-4132-8DA2-F71C78DEC0C6}.Debug|x86.Build.0 = Debug|Any CPU
		{B4942E45-F045-4132-8DA2-F71C78DEC0C6}.Release|Any CPU.ActiveCfg = Release|Any CPU
		{B4942E45-F045-4132-8DA2-F71C78DEC0C6}.Release|Any CPU.Build.0 = Release|Any CPU
		{B4942E45-F045-4132-8DA2-F71C78DEC0C6}.Release|x64.ActiveCfg = Release|Any CPU
		{B4942E45-F045-4132-8DA2-F71C78DEC0C6}.Release|x64.Build.0 = Release|Any CPU
		{B4942E45-F045-4132-8DA2-F71C78DEC0C6}.Release|x86.ActiveCfg = Release|Any CPU
		{B4942E45-F045-4132-8DA2-F71C78DEC0C6}.Release|x86.Build.0 = Release|Any CPU
		{B86FD4CC-1384-4685-B83A-1E43D80CAFE6}.Debug|Any CPU.ActiveCfg = Debug|Any CPU
		{B86FD4CC-1384-4685-B83A-1E43D80CAFE6}.Debug|Any CPU.Build.0 = Debug|Any CPU
		{B86FD4CC-1384-4685-B83A-1E43D80CAFE6}.Debug|x64.ActiveCfg = Debug|Any CPU
		{B86FD4CC-1384-4685-B83A-1E43D80CAFE6}.Debug|x64.Build.0 = Debug|Any CPU
		{B86FD4CC-1384-4685-B83A-1E43D80CAFE6}.Debug|x86.ActiveCfg = Debug|Any CPU
		{B86FD4CC-1384-4685-B83A-1E43D80CAFE6}.Debug|x86.Build.0 = Debug|Any CPU
		{B86FD4CC-1384-4685-B83A-1E43D80CAFE6}.Release|Any CPU.ActiveCfg = Release|Any CPU
		{B86FD4CC-1384-4685-B83A-1E43D80CAFE6}.Release|Any CPU.Build.0 = Release|Any CPU
		{B86FD4CC-1384-4685-B83A-1E43D80CAFE6}.Release|x64.ActiveCfg = Release|Any CPU
		{B86FD4CC-1384-4685-B83A-1E43D80CAFE6}.Release|x64.Build.0 = Release|Any CPU
		{B86FD4CC-1384-4685-B83A-1E43D80CAFE6}.Release|x86.ActiveCfg = Release|Any CPU
		{B86FD4CC-1384-4685-B83A-1E43D80CAFE6}.Release|x86.Build.0 = Release|Any CPU
		{991ECB2F-BC05-40AA-A4A8-72B2424B0D55}.Debug|Any CPU.ActiveCfg = Debug|Any CPU
		{991ECB2F-BC05-40AA-A4A8-72B2424B0D55}.Debug|Any CPU.Build.0 = Debug|Any CPU
		{991ECB2F-BC05-40AA-A4A8-72B2424B0D55}.Debug|x64.ActiveCfg = Debug|Any CPU
		{991ECB2F-BC05-40AA-A4A8-72B2424B0D55}.Debug|x64.Build.0 = Debug|Any CPU
		{991ECB2F-BC05-40AA-A4A8-72B2424B0D55}.Debug|x86.ActiveCfg = Debug|Any CPU
		{991ECB2F-BC05-40AA-A4A8-72B2424B0D55}.Debug|x86.Build.0 = Debug|Any CPU
		{991ECB2F-BC05-40AA-A4A8-72B2424B0D55}.Release|Any CPU.ActiveCfg = Release|Any CPU
		{991ECB2F-BC05-40AA-A4A8-72B2424B0D55}.Release|Any CPU.Build.0 = Release|Any CPU
		{991ECB2F-BC05-40AA-A4A8-72B2424B0D55}.Release|x64.ActiveCfg = Release|Any CPU
		{991ECB2F-BC05-40AA-A4A8-72B2424B0D55}.Release|x64.Build.0 = Release|Any CPU
		{991ECB2F-BC05-40AA-A4A8-72B2424B0D55}.Release|x86.ActiveCfg = Release|Any CPU
		{991ECB2F-BC05-40AA-A4A8-72B2424B0D55}.Release|x86.Build.0 = Release|Any CPU
		{97B9A781-EB71-4DC9-B6A7-DE7CF8266F89}.Debug|Any CPU.ActiveCfg = Debug|Any CPU
		{97B9A781-EB71-4DC9-B6A7-DE7CF8266F89}.Debug|Any CPU.Build.0 = Debug|Any CPU
		{97B9A781-EB71-4DC9-B6A7-DE7CF8266F89}.Debug|x64.ActiveCfg = Debug|Any CPU
		{97B9A781-EB71-4DC9-B6A7-DE7CF8266F89}.Debug|x64.Build.0 = Debug|Any CPU
		{97B9A781-EB71-4DC9-B6A7-DE7CF8266F89}.Debug|x86.ActiveCfg = Debug|Any CPU
		{97B9A781-EB71-4DC9-B6A7-DE7CF8266F89}.Debug|x86.Build.0 = Debug|Any CPU
		{97B9A781-EB71-4DC9-B6A7-DE7CF8266F89}.Release|Any CPU.ActiveCfg = Release|Any CPU
		{97B9A781-EB71-4DC9-B6A7-DE7CF8266F89}.Release|Any CPU.Build.0 = Release|Any CPU
		{97B9A781-EB71-4DC9-B6A7-DE7CF8266F89}.Release|x64.ActiveCfg = Release|Any CPU
		{97B9A781-EB71-4DC9-B6A7-DE7CF8266F89}.Release|x64.Build.0 = Release|Any CPU
		{97B9A781-EB71-4DC9-B6A7-DE7CF8266F89}.Release|x86.ActiveCfg = Release|Any CPU
		{97B9A781-EB71-4DC9-B6A7-DE7CF8266F89}.Release|x86.Build.0 = Release|Any CPU
		{B531B297-F7FD-4394-A526-FDD0ACBFF5C2}.Debug|Any CPU.ActiveCfg = Debug|Any CPU
		{B531B297-F7FD-4394-A526-FDD0ACBFF5C2}.Debug|Any CPU.Build.0 = Debug|Any CPU
		{B531B297-F7FD-4394-A526-FDD0ACBFF5C2}.Debug|x64.ActiveCfg = Debug|Any CPU
		{B531B297-F7FD-4394-A526-FDD0ACBFF5C2}.Debug|x64.Build.0 = Debug|Any CPU
		{B531B297-F7FD-4394-A526-FDD0ACBFF5C2}.Debug|x86.ActiveCfg = Debug|Any CPU
		{B531B297-F7FD-4394-A526-FDD0ACBFF5C2}.Debug|x86.Build.0 = Debug|Any CPU
		{B531B297-F7FD-4394-A526-FDD0ACBFF5C2}.Release|Any CPU.ActiveCfg = Release|Any CPU
		{B531B297-F7FD-4394-A526-FDD0ACBFF5C2}.Release|Any CPU.Build.0 = Release|Any CPU
		{B531B297-F7FD-4394-A526-FDD0ACBFF5C2}.Release|x64.ActiveCfg = Release|Any CPU
		{B531B297-F7FD-4394-A526-FDD0ACBFF5C2}.Release|x64.Build.0 = Release|Any CPU
		{B531B297-F7FD-4394-A526-FDD0ACBFF5C2}.Release|x86.ActiveCfg = Release|Any CPU
		{B531B297-F7FD-4394-A526-FDD0ACBFF5C2}.Release|x86.Build.0 = Release|Any CPU
		{CD55F18B-E170-4E76-9293-34A826DB740F}.Debug|Any CPU.ActiveCfg = Debug|Any CPU
		{CD55F18B-E170-4E76-9293-34A826DB740F}.Debug|Any CPU.Build.0 = Debug|Any CPU
		{CD55F18B-E170-4E76-9293-34A826DB740F}.Debug|x64.ActiveCfg = Debug|Any CPU
		{CD55F18B-E170-4E76-9293-34A826DB740F}.Debug|x64.Build.0 = Debug|Any CPU
		{CD55F18B-E170-4E76-9293-34A826DB740F}.Debug|x86.ActiveCfg = Debug|Any CPU
		{CD55F18B-E170-4E76-9293-34A826DB740F}.Debug|x86.Build.0 = Debug|Any CPU
		{CD55F18B-E170-4E76-9293-34A826DB740F}.Release|Any CPU.ActiveCfg = Release|Any CPU
		{CD55F18B-E170-4E76-9293-34A826DB740F}.Release|Any CPU.Build.0 = Release|Any CPU
		{CD55F18B-E170-4E76-9293-34A826DB740F}.Release|x64.ActiveCfg = Release|Any CPU
		{CD55F18B-E170-4E76-9293-34A826DB740F}.Release|x64.Build.0 = Release|Any CPU
		{CD55F18B-E170-4E76-9293-34A826DB740F}.Release|x86.ActiveCfg = Release|Any CPU
		{CD55F18B-E170-4E76-9293-34A826DB740F}.Release|x86.Build.0 = Release|Any CPU
		{9F979ED5-5434-4844-A8AC-5E0CF7ABE814}.Debug|Any CPU.ActiveCfg = Debug|Any CPU
		{9F979ED5-5434-4844-A8AC-5E0CF7ABE814}.Debug|Any CPU.Build.0 = Debug|Any CPU
		{9F979ED5-5434-4844-A8AC-5E0CF7ABE814}.Debug|x64.ActiveCfg = Debug|Any CPU
		{9F979ED5-5434-4844-A8AC-5E0CF7ABE814}.Debug|x64.Build.0 = Debug|Any CPU
		{9F979ED5-5434-4844-A8AC-5E0CF7ABE814}.Debug|x86.ActiveCfg = Debug|Any CPU
		{9F979ED5-5434-4844-A8AC-5E0CF7ABE814}.Debug|x86.Build.0 = Debug|Any CPU
		{9F979ED5-5434-4844-A8AC-5E0CF7ABE814}.Release|Any CPU.ActiveCfg = Release|Any CPU
		{9F979ED5-5434-4844-A8AC-5E0CF7ABE814}.Release|Any CPU.Build.0 = Release|Any CPU
		{9F979ED5-5434-4844-A8AC-5E0CF7ABE814}.Release|x64.ActiveCfg = Release|Any CPU
		{9F979ED5-5434-4844-A8AC-5E0CF7ABE814}.Release|x64.Build.0 = Release|Any CPU
		{9F979ED5-5434-4844-A8AC-5E0CF7ABE814}.Release|x86.ActiveCfg = Release|Any CPU
		{9F979ED5-5434-4844-A8AC-5E0CF7ABE814}.Release|x86.Build.0 = Release|Any CPU
		{AF5DAAF0-FD88-4BD3-BF49-9AC282C6BCF9}.Debug|Any CPU.ActiveCfg = Debug|Any CPU
		{AF5DAAF0-FD88-4BD3-BF49-9AC282C6BCF9}.Debug|Any CPU.Build.0 = Debug|Any CPU
		{AF5DAAF0-FD88-4BD3-BF49-9AC282C6BCF9}.Debug|x64.ActiveCfg = Debug|Any CPU
		{AF5DAAF0-FD88-4BD3-BF49-9AC282C6BCF9}.Debug|x64.Build.0 = Debug|Any CPU
		{AF5DAAF0-FD88-4BD3-BF49-9AC282C6BCF9}.Debug|x86.ActiveCfg = Debug|Any CPU
		{AF5DAAF0-FD88-4BD3-BF49-9AC282C6BCF9}.Debug|x86.Build.0 = Debug|Any CPU
		{AF5DAAF0-FD88-4BD3-BF49-9AC282C6BCF9}.Release|Any CPU.ActiveCfg = Release|Any CPU
		{AF5DAAF0-FD88-4BD3-BF49-9AC282C6BCF9}.Release|Any CPU.Build.0 = Release|Any CPU
		{AF5DAAF0-FD88-4BD3-BF49-9AC282C6BCF9}.Release|x64.ActiveCfg = Release|Any CPU
		{AF5DAAF0-FD88-4BD3-BF49-9AC282C6BCF9}.Release|x64.Build.0 = Release|Any CPU
		{AF5DAAF0-FD88-4BD3-BF49-9AC282C6BCF9}.Release|x86.ActiveCfg = Release|Any CPU
		{AF5DAAF0-FD88-4BD3-BF49-9AC282C6BCF9}.Release|x86.Build.0 = Release|Any CPU
		{B9F9A311-4C10-4502-9976-75D7263370E4}.Debug|Any CPU.ActiveCfg = Debug|Any CPU
		{B9F9A311-4C10-4502-9976-75D7263370E4}.Debug|Any CPU.Build.0 = Debug|Any CPU
		{B9F9A311-4C10-4502-9976-75D7263370E4}.Debug|x64.ActiveCfg = Debug|Any CPU
		{B9F9A311-4C10-4502-9976-75D7263370E4}.Debug|x64.Build.0 = Debug|Any CPU
		{B9F9A311-4C10-4502-9976-75D7263370E4}.Debug|x86.ActiveCfg = Debug|Any CPU
		{B9F9A311-4C10-4502-9976-75D7263370E4}.Debug|x86.Build.0 = Debug|Any CPU
		{B9F9A311-4C10-4502-9976-75D7263370E4}.Release|Any CPU.ActiveCfg = Release|Any CPU
		{B9F9A311-4C10-4502-9976-75D7263370E4}.Release|Any CPU.Build.0 = Release|Any CPU
		{B9F9A311-4C10-4502-9976-75D7263370E4}.Release|x64.ActiveCfg = Release|Any CPU
		{B9F9A311-4C10-4502-9976-75D7263370E4}.Release|x64.Build.0 = Release|Any CPU
		{B9F9A311-4C10-4502-9976-75D7263370E4}.Release|x86.ActiveCfg = Release|Any CPU
		{B9F9A311-4C10-4502-9976-75D7263370E4}.Release|x86.Build.0 = Release|Any CPU
		{B1112222-7A96-4D16-A9F6-5BE7B56BD82E}.Debug|Any CPU.ActiveCfg = Debug|Any CPU
		{B1112222-7A96-4D16-A9F6-5BE7B56BD82E}.Debug|Any CPU.Build.0 = Debug|Any CPU
		{B1112222-7A96-4D16-A9F6-5BE7B56BD82E}.Debug|x64.ActiveCfg = Debug|Any CPU
		{B1112222-7A96-4D16-A9F6-5BE7B56BD82E}.Debug|x64.Build.0 = Debug|Any CPU
		{B1112222-7A96-4D16-A9F6-5BE7B56BD82E}.Debug|x86.ActiveCfg = Debug|Any CPU
		{B1112222-7A96-4D16-A9F6-5BE7B56BD82E}.Debug|x86.Build.0 = Debug|Any CPU
		{B1112222-7A96-4D16-A9F6-5BE7B56BD82E}.Release|Any CPU.ActiveCfg = Release|Any CPU
		{B1112222-7A96-4D16-A9F6-5BE7B56BD82E}.Release|Any CPU.Build.0 = Release|Any CPU
		{B1112222-7A96-4D16-A9F6-5BE7B56BD82E}.Release|x64.ActiveCfg = Release|Any CPU
		{B1112222-7A96-4D16-A9F6-5BE7B56BD82E}.Release|x64.Build.0 = Release|Any CPU
		{B1112222-7A96-4D16-A9F6-5BE7B56BD82E}.Release|x86.ActiveCfg = Release|Any CPU
		{B1112222-7A96-4D16-A9F6-5BE7B56BD82E}.Release|x86.Build.0 = Release|Any CPU
		{7572FBAD-829F-42ED-A9B6-E47CBC741224}.Debug|Any CPU.ActiveCfg = Debug|Any CPU
		{7572FBAD-829F-42ED-A9B6-E47CBC741224}.Debug|Any CPU.Build.0 = Debug|Any CPU
		{7572FBAD-829F-42ED-A9B6-E47CBC741224}.Debug|x64.ActiveCfg = Debug|Any CPU
		{7572FBAD-829F-42ED-A9B6-E47CBC741224}.Debug|x64.Build.0 = Debug|Any CPU
		{7572FBAD-829F-42ED-A9B6-E47CBC741224}.Debug|x86.ActiveCfg = Debug|Any CPU
		{7572FBAD-829F-42ED-A9B6-E47CBC741224}.Debug|x86.Build.0 = Debug|Any CPU
		{7572FBAD-829F-42ED-A9B6-E47CBC741224}.Release|Any CPU.ActiveCfg = Release|Any CPU
		{7572FBAD-829F-42ED-A9B6-E47CBC741224}.Release|Any CPU.Build.0 = Release|Any CPU
		{7572FBAD-829F-42ED-A9B6-E47CBC741224}.Release|x64.ActiveCfg = Release|Any CPU
		{7572FBAD-829F-42ED-A9B6-E47CBC741224}.Release|x64.Build.0 = Release|Any CPU
		{7572FBAD-829F-42ED-A9B6-E47CBC741224}.Release|x86.ActiveCfg = Release|Any CPU
		{7572FBAD-829F-42ED-A9B6-E47CBC741224}.Release|x86.Build.0 = Release|Any CPU
		{4174FE12-2785-4411-838A-052B03A87EC9}.Debug|Any CPU.ActiveCfg = Debug|Any CPU
		{4174FE12-2785-4411-838A-052B03A87EC9}.Debug|Any CPU.Build.0 = Debug|Any CPU
		{4174FE12-2785-4411-838A-052B03A87EC9}.Debug|x64.ActiveCfg = Debug|Any CPU
		{4174FE12-2785-4411-838A-052B03A87EC9}.Debug|x64.Build.0 = Debug|Any CPU
		{4174FE12-2785-4411-838A-052B03A87EC9}.Debug|x86.ActiveCfg = Debug|Any CPU
		{4174FE12-2785-4411-838A-052B03A87EC9}.Debug|x86.Build.0 = Debug|Any CPU
		{4174FE12-2785-4411-838A-052B03A87EC9}.Release|Any CPU.ActiveCfg = Release|Any CPU
		{4174FE12-2785-4411-838A-052B03A87EC9}.Release|Any CPU.Build.0 = Release|Any CPU
		{4174FE12-2785-4411-838A-052B03A87EC9}.Release|x64.ActiveCfg = Release|Any CPU
		{4174FE12-2785-4411-838A-052B03A87EC9}.Release|x64.Build.0 = Release|Any CPU
		{4174FE12-2785-4411-838A-052B03A87EC9}.Release|x86.ActiveCfg = Release|Any CPU
		{4174FE12-2785-4411-838A-052B03A87EC9}.Release|x86.Build.0 = Release|Any CPU
		{C60320BA-C1A7-45D6-81CC-1C3741966D6B}.Debug|Any CPU.ActiveCfg = Debug|Any CPU
		{C60320BA-C1A7-45D6-81CC-1C3741966D6B}.Debug|Any CPU.Build.0 = Debug|Any CPU
		{C60320BA-C1A7-45D6-81CC-1C3741966D6B}.Debug|x64.ActiveCfg = Debug|Any CPU
		{C60320BA-C1A7-45D6-81CC-1C3741966D6B}.Debug|x64.Build.0 = Debug|Any CPU
		{C60320BA-C1A7-45D6-81CC-1C3741966D6B}.Debug|x86.ActiveCfg = Debug|Any CPU
		{C60320BA-C1A7-45D6-81CC-1C3741966D6B}.Debug|x86.Build.0 = Debug|Any CPU
		{C60320BA-C1A7-45D6-81CC-1C3741966D6B}.Release|Any CPU.ActiveCfg = Release|Any CPU
		{C60320BA-C1A7-45D6-81CC-1C3741966D6B}.Release|Any CPU.Build.0 = Release|Any CPU
		{C60320BA-C1A7-45D6-81CC-1C3741966D6B}.Release|x64.ActiveCfg = Release|Any CPU
		{C60320BA-C1A7-45D6-81CC-1C3741966D6B}.Release|x64.Build.0 = Release|Any CPU
		{C60320BA-C1A7-45D6-81CC-1C3741966D6B}.Release|x86.ActiveCfg = Release|Any CPU
		{C60320BA-C1A7-45D6-81CC-1C3741966D6B}.Release|x86.Build.0 = Release|Any CPU
		{BA3F2EF7-B58B-481D-B851-F47E116C8D75}.Debug|Any CPU.ActiveCfg = Debug|Any CPU
		{BA3F2EF7-B58B-481D-B851-F47E116C8D75}.Debug|Any CPU.Build.0 = Debug|Any CPU
		{BA3F2EF7-B58B-481D-B851-F47E116C8D75}.Debug|x64.ActiveCfg = Debug|Any CPU
		{BA3F2EF7-B58B-481D-B851-F47E116C8D75}.Debug|x64.Build.0 = Debug|Any CPU
		{BA3F2EF7-B58B-481D-B851-F47E116C8D75}.Debug|x86.ActiveCfg = Debug|Any CPU
		{BA3F2EF7-B58B-481D-B851-F47E116C8D75}.Debug|x86.Build.0 = Debug|Any CPU
		{BA3F2EF7-B58B-481D-B851-F47E116C8D75}.Release|Any CPU.ActiveCfg = Release|Any CPU
		{BA3F2EF7-B58B-481D-B851-F47E116C8D75}.Release|Any CPU.Build.0 = Release|Any CPU
		{BA3F2EF7-B58B-481D-B851-F47E116C8D75}.Release|x64.ActiveCfg = Release|Any CPU
		{BA3F2EF7-B58B-481D-B851-F47E116C8D75}.Release|x64.Build.0 = Release|Any CPU
		{BA3F2EF7-B58B-481D-B851-F47E116C8D75}.Release|x86.ActiveCfg = Release|Any CPU
		{BA3F2EF7-B58B-481D-B851-F47E116C8D75}.Release|x86.Build.0 = Release|Any CPU
		{7B9D95D3-2612-447D-8EC1-92B5644C5FA9}.Debug|Any CPU.ActiveCfg = Debug|Any CPU
		{7B9D95D3-2612-447D-8EC1-92B5644C5FA9}.Debug|Any CPU.Build.0 = Debug|Any CPU
		{7B9D95D3-2612-447D-8EC1-92B5644C5FA9}.Debug|x64.ActiveCfg = Debug|Any CPU
		{7B9D95D3-2612-447D-8EC1-92B5644C5FA9}.Debug|x64.Build.0 = Debug|Any CPU
		{7B9D95D3-2612-447D-8EC1-92B5644C5FA9}.Debug|x86.ActiveCfg = Debug|Any CPU
		{7B9D95D3-2612-447D-8EC1-92B5644C5FA9}.Debug|x86.Build.0 = Debug|Any CPU
		{7B9D95D3-2612-447D-8EC1-92B5644C5FA9}.Release|Any CPU.ActiveCfg = Release|Any CPU
		{7B9D95D3-2612-447D-8EC1-92B5644C5FA9}.Release|Any CPU.Build.0 = Release|Any CPU
		{7B9D95D3-2612-447D-8EC1-92B5644C5FA9}.Release|x64.ActiveCfg = Release|Any CPU
		{7B9D95D3-2612-447D-8EC1-92B5644C5FA9}.Release|x64.Build.0 = Release|Any CPU
		{7B9D95D3-2612-447D-8EC1-92B5644C5FA9}.Release|x86.ActiveCfg = Release|Any CPU
		{7B9D95D3-2612-447D-8EC1-92B5644C5FA9}.Release|x86.Build.0 = Release|Any CPU
		{6E6BE2D9-7B7E-4FE8-906A-3DD6E90B58A7}.Debug|Any CPU.ActiveCfg = Debug|Any CPU
		{6E6BE2D9-7B7E-4FE8-906A-3DD6E90B58A7}.Debug|Any CPU.Build.0 = Debug|Any CPU
		{6E6BE2D9-7B7E-4FE8-906A-3DD6E90B58A7}.Debug|x64.ActiveCfg = Debug|Any CPU
		{6E6BE2D9-7B7E-4FE8-906A-3DD6E90B58A7}.Debug|x64.Build.0 = Debug|Any CPU
		{6E6BE2D9-7B7E-4FE8-906A-3DD6E90B58A7}.Debug|x86.ActiveCfg = Debug|Any CPU
		{6E6BE2D9-7B7E-4FE8-906A-3DD6E90B58A7}.Debug|x86.Build.0 = Debug|Any CPU
		{6E6BE2D9-7B7E-4FE8-906A-3DD6E90B58A7}.Release|Any CPU.ActiveCfg = Release|Any CPU
		{6E6BE2D9-7B7E-4FE8-906A-3DD6E90B58A7}.Release|Any CPU.Build.0 = Release|Any CPU
		{6E6BE2D9-7B7E-4FE8-906A-3DD6E90B58A7}.Release|x64.ActiveCfg = Release|Any CPU
		{6E6BE2D9-7B7E-4FE8-906A-3DD6E90B58A7}.Release|x64.Build.0 = Release|Any CPU
		{6E6BE2D9-7B7E-4FE8-906A-3DD6E90B58A7}.Release|x86.ActiveCfg = Release|Any CPU
		{6E6BE2D9-7B7E-4FE8-906A-3DD6E90B58A7}.Release|x86.Build.0 = Release|Any CPU
		{749B3983-4B88-47B5-99ED-A32625BB1D08}.Debug|Any CPU.ActiveCfg = Debug|Any CPU
		{749B3983-4B88-47B5-99ED-A32625BB1D08}.Debug|Any CPU.Build.0 = Debug|Any CPU
		{749B3983-4B88-47B5-99ED-A32625BB1D08}.Debug|x64.ActiveCfg = Debug|Any CPU
		{749B3983-4B88-47B5-99ED-A32625BB1D08}.Debug|x64.Build.0 = Debug|Any CPU
		{749B3983-4B88-47B5-99ED-A32625BB1D08}.Debug|x86.ActiveCfg = Debug|Any CPU
		{749B3983-4B88-47B5-99ED-A32625BB1D08}.Debug|x86.Build.0 = Debug|Any CPU
		{749B3983-4B88-47B5-99ED-A32625BB1D08}.Release|Any CPU.ActiveCfg = Release|Any CPU
		{749B3983-4B88-47B5-99ED-A32625BB1D08}.Release|Any CPU.Build.0 = Release|Any CPU
		{749B3983-4B88-47B5-99ED-A32625BB1D08}.Release|x64.ActiveCfg = Release|Any CPU
		{749B3983-4B88-47B5-99ED-A32625BB1D08}.Release|x64.Build.0 = Release|Any CPU
		{749B3983-4B88-47B5-99ED-A32625BB1D08}.Release|x86.ActiveCfg = Release|Any CPU
		{749B3983-4B88-47B5-99ED-A32625BB1D08}.Release|x86.Build.0 = Release|Any CPU
		{FAF0FA47-1835-4092-AB79-A56ACE87E583}.Debug|Any CPU.ActiveCfg = Debug|Any CPU
		{FAF0FA47-1835-4092-AB79-A56ACE87E583}.Debug|Any CPU.Build.0 = Debug|Any CPU
		{FAF0FA47-1835-4092-AB79-A56ACE87E583}.Debug|x64.ActiveCfg = Debug|Any CPU
		{FAF0FA47-1835-4092-AB79-A56ACE87E583}.Debug|x64.Build.0 = Debug|Any CPU
		{FAF0FA47-1835-4092-AB79-A56ACE87E583}.Debug|x86.ActiveCfg = Debug|Any CPU
		{FAF0FA47-1835-4092-AB79-A56ACE87E583}.Debug|x86.Build.0 = Debug|Any CPU
		{FAF0FA47-1835-4092-AB79-A56ACE87E583}.Release|Any CPU.ActiveCfg = Release|Any CPU
		{FAF0FA47-1835-4092-AB79-A56ACE87E583}.Release|Any CPU.Build.0 = Release|Any CPU
		{FAF0FA47-1835-4092-AB79-A56ACE87E583}.Release|x64.ActiveCfg = Release|Any CPU
		{FAF0FA47-1835-4092-AB79-A56ACE87E583}.Release|x64.Build.0 = Release|Any CPU
		{FAF0FA47-1835-4092-AB79-A56ACE87E583}.Release|x86.ActiveCfg = Release|Any CPU
		{FAF0FA47-1835-4092-AB79-A56ACE87E583}.Release|x86.Build.0 = Release|Any CPU
		{FC634D35-7C29-43D1-89D9-1AF95D76C792}.Debug|Any CPU.ActiveCfg = Debug|Any CPU
		{FC634D35-7C29-43D1-89D9-1AF95D76C792}.Debug|Any CPU.Build.0 = Debug|Any CPU
		{FC634D35-7C29-43D1-89D9-1AF95D76C792}.Debug|x64.ActiveCfg = Debug|Any CPU
		{FC634D35-7C29-43D1-89D9-1AF95D76C792}.Debug|x64.Build.0 = Debug|Any CPU
		{FC634D35-7C29-43D1-89D9-1AF95D76C792}.Debug|x86.ActiveCfg = Debug|Any CPU
		{FC634D35-7C29-43D1-89D9-1AF95D76C792}.Debug|x86.Build.0 = Debug|Any CPU
		{FC634D35-7C29-43D1-89D9-1AF95D76C792}.Release|Any CPU.ActiveCfg = Release|Any CPU
		{FC634D35-7C29-43D1-89D9-1AF95D76C792}.Release|Any CPU.Build.0 = Release|Any CPU
		{FC634D35-7C29-43D1-89D9-1AF95D76C792}.Release|x64.ActiveCfg = Release|Any CPU
		{FC634D35-7C29-43D1-89D9-1AF95D76C792}.Release|x64.Build.0 = Release|Any CPU
		{FC634D35-7C29-43D1-89D9-1AF95D76C792}.Release|x86.ActiveCfg = Release|Any CPU
		{FC634D35-7C29-43D1-89D9-1AF95D76C792}.Release|x86.Build.0 = Release|Any CPU
		{CB30EBD3-B2D5-4111-831A-EAA53DAE3336}.Debug|Any CPU.ActiveCfg = Debug|Any CPU
		{CB30EBD3-B2D5-4111-831A-EAA53DAE3336}.Debug|Any CPU.Build.0 = Debug|Any CPU
		{CB30EBD3-B2D5-4111-831A-EAA53DAE3336}.Debug|x64.ActiveCfg = Debug|Any CPU
		{CB30EBD3-B2D5-4111-831A-EAA53DAE3336}.Debug|x64.Build.0 = Debug|Any CPU
		{CB30EBD3-B2D5-4111-831A-EAA53DAE3336}.Debug|x86.ActiveCfg = Debug|Any CPU
		{CB30EBD3-B2D5-4111-831A-EAA53DAE3336}.Debug|x86.Build.0 = Debug|Any CPU
		{CB30EBD3-B2D5-4111-831A-EAA53DAE3336}.Release|Any CPU.ActiveCfg = Release|Any CPU
		{CB30EBD3-B2D5-4111-831A-EAA53DAE3336}.Release|Any CPU.Build.0 = Release|Any CPU
		{CB30EBD3-B2D5-4111-831A-EAA53DAE3336}.Release|x64.ActiveCfg = Release|Any CPU
		{CB30EBD3-B2D5-4111-831A-EAA53DAE3336}.Release|x64.Build.0 = Release|Any CPU
		{CB30EBD3-B2D5-4111-831A-EAA53DAE3336}.Release|x86.ActiveCfg = Release|Any CPU
		{CB30EBD3-B2D5-4111-831A-EAA53DAE3336}.Release|x86.Build.0 = Release|Any CPU
		{DC405815-2FF3-4E39-9C68-6872EFE3DF09}.Debug|Any CPU.ActiveCfg = Debug|Any CPU
		{DC405815-2FF3-4E39-9C68-6872EFE3DF09}.Debug|Any CPU.Build.0 = Debug|Any CPU
		{DC405815-2FF3-4E39-9C68-6872EFE3DF09}.Debug|x64.ActiveCfg = Debug|Any CPU
		{DC405815-2FF3-4E39-9C68-6872EFE3DF09}.Debug|x64.Build.0 = Debug|Any CPU
		{DC405815-2FF3-4E39-9C68-6872EFE3DF09}.Debug|x86.ActiveCfg = Debug|Any CPU
		{DC405815-2FF3-4E39-9C68-6872EFE3DF09}.Debug|x86.Build.0 = Debug|Any CPU
		{DC405815-2FF3-4E39-9C68-6872EFE3DF09}.Release|Any CPU.ActiveCfg = Release|Any CPU
		{DC405815-2FF3-4E39-9C68-6872EFE3DF09}.Release|Any CPU.Build.0 = Release|Any CPU
		{DC405815-2FF3-4E39-9C68-6872EFE3DF09}.Release|x64.ActiveCfg = Release|Any CPU
		{DC405815-2FF3-4E39-9C68-6872EFE3DF09}.Release|x64.Build.0 = Release|Any CPU
		{DC405815-2FF3-4E39-9C68-6872EFE3DF09}.Release|x86.ActiveCfg = Release|Any CPU
		{DC405815-2FF3-4E39-9C68-6872EFE3DF09}.Release|x86.Build.0 = Release|Any CPU
		{BB3558F0-9B6C-42ED-AEBC-F18AD1A711E4}.Debug|Any CPU.ActiveCfg = Debug|Any CPU
		{BB3558F0-9B6C-42ED-AEBC-F18AD1A711E4}.Debug|Any CPU.Build.0 = Debug|Any CPU
		{BB3558F0-9B6C-42ED-AEBC-F18AD1A711E4}.Debug|x64.ActiveCfg = Debug|Any CPU
		{BB3558F0-9B6C-42ED-AEBC-F18AD1A711E4}.Debug|x64.Build.0 = Debug|Any CPU
		{BB3558F0-9B6C-42ED-AEBC-F18AD1A711E4}.Debug|x86.ActiveCfg = Debug|Any CPU
		{BB3558F0-9B6C-42ED-AEBC-F18AD1A711E4}.Debug|x86.Build.0 = Debug|Any CPU
		{BB3558F0-9B6C-42ED-AEBC-F18AD1A711E4}.Release|Any CPU.ActiveCfg = Release|Any CPU
		{BB3558F0-9B6C-42ED-AEBC-F18AD1A711E4}.Release|Any CPU.Build.0 = Release|Any CPU
		{BB3558F0-9B6C-42ED-AEBC-F18AD1A711E4}.Release|x64.ActiveCfg = Release|Any CPU
		{BB3558F0-9B6C-42ED-AEBC-F18AD1A711E4}.Release|x64.Build.0 = Release|Any CPU
		{BB3558F0-9B6C-42ED-AEBC-F18AD1A711E4}.Release|x86.ActiveCfg = Release|Any CPU
		{BB3558F0-9B6C-42ED-AEBC-F18AD1A711E4}.Release|x86.Build.0 = Release|Any CPU
		{44FED8BB-4579-485E-ACE5-C7801516F999}.Debug|Any CPU.ActiveCfg = Debug|Any CPU
		{44FED8BB-4579-485E-ACE5-C7801516F999}.Debug|Any CPU.Build.0 = Debug|Any CPU
		{44FED8BB-4579-485E-ACE5-C7801516F999}.Debug|x64.ActiveCfg = Debug|Any CPU
		{44FED8BB-4579-485E-ACE5-C7801516F999}.Debug|x64.Build.0 = Debug|Any CPU
		{44FED8BB-4579-485E-ACE5-C7801516F999}.Debug|x86.ActiveCfg = Debug|Any CPU
		{44FED8BB-4579-485E-ACE5-C7801516F999}.Debug|x86.Build.0 = Debug|Any CPU
		{44FED8BB-4579-485E-ACE5-C7801516F999}.Release|Any CPU.ActiveCfg = Release|Any CPU
		{44FED8BB-4579-485E-ACE5-C7801516F999}.Release|Any CPU.Build.0 = Release|Any CPU
		{44FED8BB-4579-485E-ACE5-C7801516F999}.Release|x64.ActiveCfg = Release|Any CPU
		{44FED8BB-4579-485E-ACE5-C7801516F999}.Release|x64.Build.0 = Release|Any CPU
		{44FED8BB-4579-485E-ACE5-C7801516F999}.Release|x86.ActiveCfg = Release|Any CPU
		{44FED8BB-4579-485E-ACE5-C7801516F999}.Release|x86.Build.0 = Release|Any CPU
		{FC6AB4A2-09E8-41F2-9DE4-284F24F6E11F}.Debug|Any CPU.ActiveCfg = Debug|Any CPU
		{FC6AB4A2-09E8-41F2-9DE4-284F24F6E11F}.Debug|Any CPU.Build.0 = Debug|Any CPU
		{FC6AB4A2-09E8-41F2-9DE4-284F24F6E11F}.Debug|x64.ActiveCfg = Debug|Any CPU
		{FC6AB4A2-09E8-41F2-9DE4-284F24F6E11F}.Debug|x64.Build.0 = Debug|Any CPU
		{FC6AB4A2-09E8-41F2-9DE4-284F24F6E11F}.Debug|x86.ActiveCfg = Debug|Any CPU
		{FC6AB4A2-09E8-41F2-9DE4-284F24F6E11F}.Debug|x86.Build.0 = Debug|Any CPU
		{FC6AB4A2-09E8-41F2-9DE4-284F24F6E11F}.Release|Any CPU.ActiveCfg = Release|Any CPU
		{FC6AB4A2-09E8-41F2-9DE4-284F24F6E11F}.Release|Any CPU.Build.0 = Release|Any CPU
		{FC6AB4A2-09E8-41F2-9DE4-284F24F6E11F}.Release|x64.ActiveCfg = Release|Any CPU
		{FC6AB4A2-09E8-41F2-9DE4-284F24F6E11F}.Release|x64.Build.0 = Release|Any CPU
		{FC6AB4A2-09E8-41F2-9DE4-284F24F6E11F}.Release|x86.ActiveCfg = Release|Any CPU
		{FC6AB4A2-09E8-41F2-9DE4-284F24F6E11F}.Release|x86.Build.0 = Release|Any CPU
		{6EFF1644-DB70-4A12-9D8D-71625D03951A}.Debug|Any CPU.ActiveCfg = Debug|Any CPU
		{6EFF1644-DB70-4A12-9D8D-71625D03951A}.Debug|Any CPU.Build.0 = Debug|Any CPU
		{6EFF1644-DB70-4A12-9D8D-71625D03951A}.Debug|x64.ActiveCfg = Debug|Any CPU
		{6EFF1644-DB70-4A12-9D8D-71625D03951A}.Debug|x64.Build.0 = Debug|Any CPU
		{6EFF1644-DB70-4A12-9D8D-71625D03951A}.Debug|x86.ActiveCfg = Debug|Any CPU
		{6EFF1644-DB70-4A12-9D8D-71625D03951A}.Debug|x86.Build.0 = Debug|Any CPU
		{6EFF1644-DB70-4A12-9D8D-71625D03951A}.Release|Any CPU.ActiveCfg = Release|Any CPU
		{6EFF1644-DB70-4A12-9D8D-71625D03951A}.Release|Any CPU.Build.0 = Release|Any CPU
		{6EFF1644-DB70-4A12-9D8D-71625D03951A}.Release|x64.ActiveCfg = Release|Any CPU
		{6EFF1644-DB70-4A12-9D8D-71625D03951A}.Release|x64.Build.0 = Release|Any CPU
		{6EFF1644-DB70-4A12-9D8D-71625D03951A}.Release|x86.ActiveCfg = Release|Any CPU
		{6EFF1644-DB70-4A12-9D8D-71625D03951A}.Release|x86.Build.0 = Release|Any CPU
		{F1FA1CE4-F16D-4696-9A47-22F523B380BF}.Debug|Any CPU.ActiveCfg = Debug|Any CPU
		{F1FA1CE4-F16D-4696-9A47-22F523B380BF}.Debug|Any CPU.Build.0 = Debug|Any CPU
		{F1FA1CE4-F16D-4696-9A47-22F523B380BF}.Debug|x64.ActiveCfg = Debug|Any CPU
		{F1FA1CE4-F16D-4696-9A47-22F523B380BF}.Debug|x64.Build.0 = Debug|Any CPU
		{F1FA1CE4-F16D-4696-9A47-22F523B380BF}.Debug|x86.ActiveCfg = Debug|Any CPU
		{F1FA1CE4-F16D-4696-9A47-22F523B380BF}.Debug|x86.Build.0 = Debug|Any CPU
		{F1FA1CE4-F16D-4696-9A47-22F523B380BF}.Release|Any CPU.ActiveCfg = Release|Any CPU
		{F1FA1CE4-F16D-4696-9A47-22F523B380BF}.Release|Any CPU.Build.0 = Release|Any CPU
		{F1FA1CE4-F16D-4696-9A47-22F523B380BF}.Release|x64.ActiveCfg = Release|Any CPU
		{F1FA1CE4-F16D-4696-9A47-22F523B380BF}.Release|x64.Build.0 = Release|Any CPU
		{F1FA1CE4-F16D-4696-9A47-22F523B380BF}.Release|x86.ActiveCfg = Release|Any CPU
		{F1FA1CE4-F16D-4696-9A47-22F523B380BF}.Release|x86.Build.0 = Release|Any CPU
		{E966007E-5A6C-4248-B26E-7F7B743A58FE}.Debug|Any CPU.ActiveCfg = Debug|Any CPU
		{E966007E-5A6C-4248-B26E-7F7B743A58FE}.Debug|Any CPU.Build.0 = Debug|Any CPU
		{E966007E-5A6C-4248-B26E-7F7B743A58FE}.Debug|x64.ActiveCfg = Debug|Any CPU
		{E966007E-5A6C-4248-B26E-7F7B743A58FE}.Debug|x64.Build.0 = Debug|Any CPU
		{E966007E-5A6C-4248-B26E-7F7B743A58FE}.Debug|x86.ActiveCfg = Debug|Any CPU
		{E966007E-5A6C-4248-B26E-7F7B743A58FE}.Debug|x86.Build.0 = Debug|Any CPU
		{E966007E-5A6C-4248-B26E-7F7B743A58FE}.Release|Any CPU.ActiveCfg = Release|Any CPU
		{E966007E-5A6C-4248-B26E-7F7B743A58FE}.Release|Any CPU.Build.0 = Release|Any CPU
		{E966007E-5A6C-4248-B26E-7F7B743A58FE}.Release|x64.ActiveCfg = Release|Any CPU
		{E966007E-5A6C-4248-B26E-7F7B743A58FE}.Release|x64.Build.0 = Release|Any CPU
		{E966007E-5A6C-4248-B26E-7F7B743A58FE}.Release|x86.ActiveCfg = Release|Any CPU
		{E966007E-5A6C-4248-B26E-7F7B743A58FE}.Release|x86.Build.0 = Release|Any CPU
		{F9F7A88A-7FF5-4979-ABF7-AF2F19B93E12}.Debug|Any CPU.ActiveCfg = Debug|Any CPU
		{F9F7A88A-7FF5-4979-ABF7-AF2F19B93E12}.Debug|Any CPU.Build.0 = Debug|Any CPU
		{F9F7A88A-7FF5-4979-ABF7-AF2F19B93E12}.Debug|x64.ActiveCfg = Debug|Any CPU
		{F9F7A88A-7FF5-4979-ABF7-AF2F19B93E12}.Debug|x64.Build.0 = Debug|Any CPU
		{F9F7A88A-7FF5-4979-ABF7-AF2F19B93E12}.Debug|x86.ActiveCfg = Debug|Any CPU
		{F9F7A88A-7FF5-4979-ABF7-AF2F19B93E12}.Debug|x86.Build.0 = Debug|Any CPU
		{F9F7A88A-7FF5-4979-ABF7-AF2F19B93E12}.Release|Any CPU.ActiveCfg = Release|Any CPU
		{F9F7A88A-7FF5-4979-ABF7-AF2F19B93E12}.Release|Any CPU.Build.0 = Release|Any CPU
		{F9F7A88A-7FF5-4979-ABF7-AF2F19B93E12}.Release|x64.ActiveCfg = Release|Any CPU
		{F9F7A88A-7FF5-4979-ABF7-AF2F19B93E12}.Release|x64.Build.0 = Release|Any CPU
		{F9F7A88A-7FF5-4979-ABF7-AF2F19B93E12}.Release|x86.ActiveCfg = Release|Any CPU
		{F9F7A88A-7FF5-4979-ABF7-AF2F19B93E12}.Release|x86.Build.0 = Release|Any CPU
		{1C76B6DF-F7A7-495E-8787-F7373F3017FF}.Debug|Any CPU.ActiveCfg = Debug|Any CPU
		{1C76B6DF-F7A7-495E-8787-F7373F3017FF}.Debug|Any CPU.Build.0 = Debug|Any CPU
		{1C76B6DF-F7A7-495E-8787-F7373F3017FF}.Debug|x64.ActiveCfg = Debug|Any CPU
		{1C76B6DF-F7A7-495E-8787-F7373F3017FF}.Debug|x64.Build.0 = Debug|Any CPU
		{1C76B6DF-F7A7-495E-8787-F7373F3017FF}.Debug|x86.ActiveCfg = Debug|Any CPU
		{1C76B6DF-F7A7-495E-8787-F7373F3017FF}.Debug|x86.Build.0 = Debug|Any CPU
		{1C76B6DF-F7A7-495E-8787-F7373F3017FF}.Release|Any CPU.ActiveCfg = Release|Any CPU
		{1C76B6DF-F7A7-495E-8787-F7373F3017FF}.Release|Any CPU.Build.0 = Release|Any CPU
		{1C76B6DF-F7A7-495E-8787-F7373F3017FF}.Release|x64.ActiveCfg = Release|Any CPU
		{1C76B6DF-F7A7-495E-8787-F7373F3017FF}.Release|x64.Build.0 = Release|Any CPU
		{1C76B6DF-F7A7-495E-8787-F7373F3017FF}.Release|x86.ActiveCfg = Release|Any CPU
		{1C76B6DF-F7A7-495E-8787-F7373F3017FF}.Release|x86.Build.0 = Release|Any CPU
		{F6D0C9B3-4770-44C7-9B14-7A4B9F64A9A8}.Debug|Any CPU.ActiveCfg = Debug|Any CPU
		{F6D0C9B3-4770-44C7-9B14-7A4B9F64A9A8}.Debug|Any CPU.Build.0 = Debug|Any CPU
		{F6D0C9B3-4770-44C7-9B14-7A4B9F64A9A8}.Debug|x64.ActiveCfg = Debug|Any CPU
		{F6D0C9B3-4770-44C7-9B14-7A4B9F64A9A8}.Debug|x64.Build.0 = Debug|Any CPU
		{F6D0C9B3-4770-44C7-9B14-7A4B9F64A9A8}.Debug|x86.ActiveCfg = Debug|Any CPU
		{F6D0C9B3-4770-44C7-9B14-7A4B9F64A9A8}.Debug|x86.Build.0 = Debug|Any CPU
		{F6D0C9B3-4770-44C7-9B14-7A4B9F64A9A8}.Release|Any CPU.ActiveCfg = Release|Any CPU
		{F6D0C9B3-4770-44C7-9B14-7A4B9F64A9A8}.Release|Any CPU.Build.0 = Release|Any CPU
		{F6D0C9B3-4770-44C7-9B14-7A4B9F64A9A8}.Release|x64.ActiveCfg = Release|Any CPU
		{F6D0C9B3-4770-44C7-9B14-7A4B9F64A9A8}.Release|x64.Build.0 = Release|Any CPU
		{F6D0C9B3-4770-44C7-9B14-7A4B9F64A9A8}.Release|x86.ActiveCfg = Release|Any CPU
		{F6D0C9B3-4770-44C7-9B14-7A4B9F64A9A8}.Release|x86.Build.0 = Release|Any CPU
		{146A9EC8-93FF-4DC8-809B-32A3057F7E36}.Debug|Any CPU.ActiveCfg = Debug|Any CPU
		{146A9EC8-93FF-4DC8-809B-32A3057F7E36}.Debug|Any CPU.Build.0 = Debug|Any CPU
		{146A9EC8-93FF-4DC8-809B-32A3057F7E36}.Debug|x64.ActiveCfg = Debug|Any CPU
		{146A9EC8-93FF-4DC8-809B-32A3057F7E36}.Debug|x64.Build.0 = Debug|Any CPU
		{146A9EC8-93FF-4DC8-809B-32A3057F7E36}.Debug|x86.ActiveCfg = Debug|Any CPU
		{146A9EC8-93FF-4DC8-809B-32A3057F7E36}.Debug|x86.Build.0 = Debug|Any CPU
		{146A9EC8-93FF-4DC8-809B-32A3057F7E36}.Release|Any CPU.ActiveCfg = Release|Any CPU
		{146A9EC8-93FF-4DC8-809B-32A3057F7E36}.Release|Any CPU.Build.0 = Release|Any CPU
		{146A9EC8-93FF-4DC8-809B-32A3057F7E36}.Release|x64.ActiveCfg = Release|Any CPU
		{146A9EC8-93FF-4DC8-809B-32A3057F7E36}.Release|x64.Build.0 = Release|Any CPU
		{146A9EC8-93FF-4DC8-809B-32A3057F7E36}.Release|x86.ActiveCfg = Release|Any CPU
		{146A9EC8-93FF-4DC8-809B-32A3057F7E36}.Release|x86.Build.0 = Release|Any CPU
		{075CAEE1-552B-4BBE-BFA0-C3C675F67D46}.Debug|Any CPU.ActiveCfg = Debug|Any CPU
		{075CAEE1-552B-4BBE-BFA0-C3C675F67D46}.Debug|Any CPU.Build.0 = Debug|Any CPU
		{075CAEE1-552B-4BBE-BFA0-C3C675F67D46}.Debug|x64.ActiveCfg = Debug|Any CPU
		{075CAEE1-552B-4BBE-BFA0-C3C675F67D46}.Debug|x64.Build.0 = Debug|Any CPU
		{075CAEE1-552B-4BBE-BFA0-C3C675F67D46}.Debug|x86.ActiveCfg = Debug|Any CPU
		{075CAEE1-552B-4BBE-BFA0-C3C675F67D46}.Debug|x86.Build.0 = Debug|Any CPU
		{075CAEE1-552B-4BBE-BFA0-C3C675F67D46}.Release|Any CPU.ActiveCfg = Release|Any CPU
		{075CAEE1-552B-4BBE-BFA0-C3C675F67D46}.Release|Any CPU.Build.0 = Release|Any CPU
		{075CAEE1-552B-4BBE-BFA0-C3C675F67D46}.Release|x64.ActiveCfg = Release|Any CPU
		{075CAEE1-552B-4BBE-BFA0-C3C675F67D46}.Release|x64.Build.0 = Release|Any CPU
		{075CAEE1-552B-4BBE-BFA0-C3C675F67D46}.Release|x86.ActiveCfg = Release|Any CPU
		{075CAEE1-552B-4BBE-BFA0-C3C675F67D46}.Release|x86.Build.0 = Release|Any CPU
		{447BC005-CD43-4CCF-9D49-9819F954FA11}.Debug|Any CPU.ActiveCfg = Debug|Any CPU
		{447BC005-CD43-4CCF-9D49-9819F954FA11}.Debug|Any CPU.Build.0 = Debug|Any CPU
		{447BC005-CD43-4CCF-9D49-9819F954FA11}.Debug|x64.ActiveCfg = Debug|Any CPU
		{447BC005-CD43-4CCF-9D49-9819F954FA11}.Debug|x64.Build.0 = Debug|Any CPU
		{447BC005-CD43-4CCF-9D49-9819F954FA11}.Debug|x86.ActiveCfg = Debug|Any CPU
		{447BC005-CD43-4CCF-9D49-9819F954FA11}.Debug|x86.Build.0 = Debug|Any CPU
		{447BC005-CD43-4CCF-9D49-9819F954FA11}.Release|Any CPU.ActiveCfg = Release|Any CPU
		{447BC005-CD43-4CCF-9D49-9819F954FA11}.Release|Any CPU.Build.0 = Release|Any CPU
		{447BC005-CD43-4CCF-9D49-9819F954FA11}.Release|x64.ActiveCfg = Release|Any CPU
		{447BC005-CD43-4CCF-9D49-9819F954FA11}.Release|x64.Build.0 = Release|Any CPU
		{447BC005-CD43-4CCF-9D49-9819F954FA11}.Release|x86.ActiveCfg = Release|Any CPU
		{447BC005-CD43-4CCF-9D49-9819F954FA11}.Release|x86.Build.0 = Release|Any CPU
		{EE9513CD-E00C-47DC-91EE-60AE40D92A27}.Debug|Any CPU.ActiveCfg = Debug|Any CPU
		{EE9513CD-E00C-47DC-91EE-60AE40D92A27}.Debug|Any CPU.Build.0 = Debug|Any CPU
		{EE9513CD-E00C-47DC-91EE-60AE40D92A27}.Debug|x64.ActiveCfg = Debug|Any CPU
		{EE9513CD-E00C-47DC-91EE-60AE40D92A27}.Debug|x64.Build.0 = Debug|Any CPU
		{EE9513CD-E00C-47DC-91EE-60AE40D92A27}.Debug|x86.ActiveCfg = Debug|Any CPU
		{EE9513CD-E00C-47DC-91EE-60AE40D92A27}.Debug|x86.Build.0 = Debug|Any CPU
		{EE9513CD-E00C-47DC-91EE-60AE40D92A27}.Release|Any CPU.ActiveCfg = Release|Any CPU
		{EE9513CD-E00C-47DC-91EE-60AE40D92A27}.Release|Any CPU.Build.0 = Release|Any CPU
		{EE9513CD-E00C-47DC-91EE-60AE40D92A27}.Release|x64.ActiveCfg = Release|Any CPU
		{EE9513CD-E00C-47DC-91EE-60AE40D92A27}.Release|x64.Build.0 = Release|Any CPU
		{EE9513CD-E00C-47DC-91EE-60AE40D92A27}.Release|x86.ActiveCfg = Release|Any CPU
		{EE9513CD-E00C-47DC-91EE-60AE40D92A27}.Release|x86.Build.0 = Release|Any CPU
		{08FB9C21-E7E1-45C4-AF77-EB14F1D43B99}.Debug|Any CPU.ActiveCfg = Debug|Any CPU
		{08FB9C21-E7E1-45C4-AF77-EB14F1D43B99}.Debug|Any CPU.Build.0 = Debug|Any CPU
		{08FB9C21-E7E1-45C4-AF77-EB14F1D43B99}.Debug|x64.ActiveCfg = Debug|Any CPU
		{08FB9C21-E7E1-45C4-AF77-EB14F1D43B99}.Debug|x64.Build.0 = Debug|Any CPU
		{08FB9C21-E7E1-45C4-AF77-EB14F1D43B99}.Debug|x86.ActiveCfg = Debug|Any CPU
		{08FB9C21-E7E1-45C4-AF77-EB14F1D43B99}.Debug|x86.Build.0 = Debug|Any CPU
		{08FB9C21-E7E1-45C4-AF77-EB14F1D43B99}.Release|Any CPU.ActiveCfg = Release|Any CPU
		{08FB9C21-E7E1-45C4-AF77-EB14F1D43B99}.Release|Any CPU.Build.0 = Release|Any CPU
		{08FB9C21-E7E1-45C4-AF77-EB14F1D43B99}.Release|x64.ActiveCfg = Release|Any CPU
		{08FB9C21-E7E1-45C4-AF77-EB14F1D43B99}.Release|x64.Build.0 = Release|Any CPU
		{08FB9C21-E7E1-45C4-AF77-EB14F1D43B99}.Release|x86.ActiveCfg = Release|Any CPU
		{08FB9C21-E7E1-45C4-AF77-EB14F1D43B99}.Release|x86.Build.0 = Release|Any CPU
		{4F1AF5AE-0C1D-4F86-894D-794DA3316EEB}.Debug|Any CPU.ActiveCfg = Debug|Any CPU
		{4F1AF5AE-0C1D-4F86-894D-794DA3316EEB}.Debug|Any CPU.Build.0 = Debug|Any CPU
		{4F1AF5AE-0C1D-4F86-894D-794DA3316EEB}.Debug|x64.ActiveCfg = Debug|Any CPU
		{4F1AF5AE-0C1D-4F86-894D-794DA3316EEB}.Debug|x64.Build.0 = Debug|Any CPU
		{4F1AF5AE-0C1D-4F86-894D-794DA3316EEB}.Debug|x86.ActiveCfg = Debug|Any CPU
		{4F1AF5AE-0C1D-4F86-894D-794DA3316EEB}.Debug|x86.Build.0 = Debug|Any CPU
		{4F1AF5AE-0C1D-4F86-894D-794DA3316EEB}.Release|Any CPU.ActiveCfg = Release|Any CPU
		{4F1AF5AE-0C1D-4F86-894D-794DA3316EEB}.Release|Any CPU.Build.0 = Release|Any CPU
		{4F1AF5AE-0C1D-4F86-894D-794DA3316EEB}.Release|x64.ActiveCfg = Release|Any CPU
		{4F1AF5AE-0C1D-4F86-894D-794DA3316EEB}.Release|x64.Build.0 = Release|Any CPU
		{4F1AF5AE-0C1D-4F86-894D-794DA3316EEB}.Release|x86.ActiveCfg = Release|Any CPU
		{4F1AF5AE-0C1D-4F86-894D-794DA3316EEB}.Release|x86.Build.0 = Release|Any CPU
		{B51FABFF-CFF6-4D80-9A17-C8E35F430F1C}.Debug|Any CPU.ActiveCfg = Debug|Any CPU
		{B51FABFF-CFF6-4D80-9A17-C8E35F430F1C}.Debug|Any CPU.Build.0 = Debug|Any CPU
		{B51FABFF-CFF6-4D80-9A17-C8E35F430F1C}.Debug|x64.ActiveCfg = Debug|Any CPU
		{B51FABFF-CFF6-4D80-9A17-C8E35F430F1C}.Debug|x64.Build.0 = Debug|Any CPU
		{B51FABFF-CFF6-4D80-9A17-C8E35F430F1C}.Debug|x86.ActiveCfg = Debug|Any CPU
		{B51FABFF-CFF6-4D80-9A17-C8E35F430F1C}.Debug|x86.Build.0 = Debug|Any CPU
		{B51FABFF-CFF6-4D80-9A17-C8E35F430F1C}.Release|Any CPU.ActiveCfg = Release|Any CPU
		{B51FABFF-CFF6-4D80-9A17-C8E35F430F1C}.Release|Any CPU.Build.0 = Release|Any CPU
		{B51FABFF-CFF6-4D80-9A17-C8E35F430F1C}.Release|x64.ActiveCfg = Release|Any CPU
		{B51FABFF-CFF6-4D80-9A17-C8E35F430F1C}.Release|x64.Build.0 = Release|Any CPU
		{B51FABFF-CFF6-4D80-9A17-C8E35F430F1C}.Release|x86.ActiveCfg = Release|Any CPU
		{B51FABFF-CFF6-4D80-9A17-C8E35F430F1C}.Release|x86.Build.0 = Release|Any CPU
		{0EA9F99D-7699-4AB0-980D-B7AA2490B4CC}.Debug|Any CPU.ActiveCfg = Debug|Any CPU
		{0EA9F99D-7699-4AB0-980D-B7AA2490B4CC}.Debug|Any CPU.Build.0 = Debug|Any CPU
		{0EA9F99D-7699-4AB0-980D-B7AA2490B4CC}.Debug|x64.ActiveCfg = Debug|Any CPU
		{0EA9F99D-7699-4AB0-980D-B7AA2490B4CC}.Debug|x64.Build.0 = Debug|Any CPU
		{0EA9F99D-7699-4AB0-980D-B7AA2490B4CC}.Debug|x86.ActiveCfg = Debug|Any CPU
		{0EA9F99D-7699-4AB0-980D-B7AA2490B4CC}.Debug|x86.Build.0 = Debug|Any CPU
		{0EA9F99D-7699-4AB0-980D-B7AA2490B4CC}.Release|Any CPU.ActiveCfg = Release|Any CPU
		{0EA9F99D-7699-4AB0-980D-B7AA2490B4CC}.Release|Any CPU.Build.0 = Release|Any CPU
		{0EA9F99D-7699-4AB0-980D-B7AA2490B4CC}.Release|x64.ActiveCfg = Release|Any CPU
		{0EA9F99D-7699-4AB0-980D-B7AA2490B4CC}.Release|x64.Build.0 = Release|Any CPU
		{0EA9F99D-7699-4AB0-980D-B7AA2490B4CC}.Release|x86.ActiveCfg = Release|Any CPU
		{0EA9F99D-7699-4AB0-980D-B7AA2490B4CC}.Release|x86.Build.0 = Release|Any CPU
		{B90F5EC8-241A-4981-A4EE-ED8D61D0035F}.Debug|Any CPU.ActiveCfg = Debug|Any CPU
		{B90F5EC8-241A-4981-A4EE-ED8D61D0035F}.Debug|Any CPU.Build.0 = Debug|Any CPU
		{B90F5EC8-241A-4981-A4EE-ED8D61D0035F}.Debug|x64.ActiveCfg = Debug|Any CPU
		{B90F5EC8-241A-4981-A4EE-ED8D61D0035F}.Debug|x64.Build.0 = Debug|Any CPU
		{B90F5EC8-241A-4981-A4EE-ED8D61D0035F}.Debug|x86.ActiveCfg = Debug|Any CPU
		{B90F5EC8-241A-4981-A4EE-ED8D61D0035F}.Debug|x86.Build.0 = Debug|Any CPU
		{B90F5EC8-241A-4981-A4EE-ED8D61D0035F}.Release|Any CPU.ActiveCfg = Release|Any CPU
		{B90F5EC8-241A-4981-A4EE-ED8D61D0035F}.Release|Any CPU.Build.0 = Release|Any CPU
		{B90F5EC8-241A-4981-A4EE-ED8D61D0035F}.Release|x64.ActiveCfg = Release|Any CPU
		{B90F5EC8-241A-4981-A4EE-ED8D61D0035F}.Release|x64.Build.0 = Release|Any CPU
		{B90F5EC8-241A-4981-A4EE-ED8D61D0035F}.Release|x86.ActiveCfg = Release|Any CPU
		{B90F5EC8-241A-4981-A4EE-ED8D61D0035F}.Release|x86.Build.0 = Release|Any CPU
		{3F8ACB3C-1C19-465D-8EC7-DFD9DD7B7803}.Debug|Any CPU.ActiveCfg = Debug|Any CPU
		{3F8ACB3C-1C19-465D-8EC7-DFD9DD7B7803}.Debug|Any CPU.Build.0 = Debug|Any CPU
		{3F8ACB3C-1C19-465D-8EC7-DFD9DD7B7803}.Debug|x64.ActiveCfg = Debug|Any CPU
		{3F8ACB3C-1C19-465D-8EC7-DFD9DD7B7803}.Debug|x64.Build.0 = Debug|Any CPU
		{3F8ACB3C-1C19-465D-8EC7-DFD9DD7B7803}.Debug|x86.ActiveCfg = Debug|Any CPU
		{3F8ACB3C-1C19-465D-8EC7-DFD9DD7B7803}.Debug|x86.Build.0 = Debug|Any CPU
		{3F8ACB3C-1C19-465D-8EC7-DFD9DD7B7803}.Release|Any CPU.ActiveCfg = Release|Any CPU
		{3F8ACB3C-1C19-465D-8EC7-DFD9DD7B7803}.Release|Any CPU.Build.0 = Release|Any CPU
		{3F8ACB3C-1C19-465D-8EC7-DFD9DD7B7803}.Release|x64.ActiveCfg = Release|Any CPU
		{3F8ACB3C-1C19-465D-8EC7-DFD9DD7B7803}.Release|x64.Build.0 = Release|Any CPU
		{3F8ACB3C-1C19-465D-8EC7-DFD9DD7B7803}.Release|x86.ActiveCfg = Release|Any CPU
		{3F8ACB3C-1C19-465D-8EC7-DFD9DD7B7803}.Release|x86.Build.0 = Release|Any CPU
		{90B5C5DF-CA1A-4010-A201-A98B220B6B9F}.Debug|Any CPU.ActiveCfg = Debug|Any CPU
		{90B5C5DF-CA1A-4010-A201-A98B220B6B9F}.Debug|Any CPU.Build.0 = Debug|Any CPU
		{90B5C5DF-CA1A-4010-A201-A98B220B6B9F}.Debug|x64.ActiveCfg = Debug|Any CPU
		{90B5C5DF-CA1A-4010-A201-A98B220B6B9F}.Debug|x64.Build.0 = Debug|Any CPU
		{90B5C5DF-CA1A-4010-A201-A98B220B6B9F}.Debug|x86.ActiveCfg = Debug|Any CPU
		{90B5C5DF-CA1A-4010-A201-A98B220B6B9F}.Debug|x86.Build.0 = Debug|Any CPU
		{90B5C5DF-CA1A-4010-A201-A98B220B6B9F}.Release|Any CPU.ActiveCfg = Release|Any CPU
		{90B5C5DF-CA1A-4010-A201-A98B220B6B9F}.Release|Any CPU.Build.0 = Release|Any CPU
		{90B5C5DF-CA1A-4010-A201-A98B220B6B9F}.Release|x64.ActiveCfg = Release|Any CPU
		{90B5C5DF-CA1A-4010-A201-A98B220B6B9F}.Release|x64.Build.0 = Release|Any CPU
		{90B5C5DF-CA1A-4010-A201-A98B220B6B9F}.Release|x86.ActiveCfg = Release|Any CPU
		{90B5C5DF-CA1A-4010-A201-A98B220B6B9F}.Release|x86.Build.0 = Release|Any CPU
		{9CB5A855-2727-4A07-A2F6-BD7ADD8D1B98}.Debug|Any CPU.ActiveCfg = Debug|Any CPU
		{9CB5A855-2727-4A07-A2F6-BD7ADD8D1B98}.Debug|Any CPU.Build.0 = Debug|Any CPU
		{9CB5A855-2727-4A07-A2F6-BD7ADD8D1B98}.Debug|x64.ActiveCfg = Debug|Any CPU
		{9CB5A855-2727-4A07-A2F6-BD7ADD8D1B98}.Debug|x64.Build.0 = Debug|Any CPU
		{9CB5A855-2727-4A07-A2F6-BD7ADD8D1B98}.Debug|x86.ActiveCfg = Debug|Any CPU
		{9CB5A855-2727-4A07-A2F6-BD7ADD8D1B98}.Debug|x86.Build.0 = Debug|Any CPU
		{9CB5A855-2727-4A07-A2F6-BD7ADD8D1B98}.Release|Any CPU.ActiveCfg = Release|Any CPU
		{9CB5A855-2727-4A07-A2F6-BD7ADD8D1B98}.Release|Any CPU.Build.0 = Release|Any CPU
		{9CB5A855-2727-4A07-A2F6-BD7ADD8D1B98}.Release|x64.ActiveCfg = Release|Any CPU
		{9CB5A855-2727-4A07-A2F6-BD7ADD8D1B98}.Release|x64.Build.0 = Release|Any CPU
		{9CB5A855-2727-4A07-A2F6-BD7ADD8D1B98}.Release|x86.ActiveCfg = Release|Any CPU
		{9CB5A855-2727-4A07-A2F6-BD7ADD8D1B98}.Release|x86.Build.0 = Release|Any CPU
	EndGlobalSection
	GlobalSection(SolutionProperties) = preSolution
		HideSolutionNode = FALSE
	EndGlobalSection
	GlobalSection(NestedProjects) = preSolution
		{D92CF263-40D6-750C-4163-4DC28A4E4AE1} = {0C88DD14-F956-CE84-757C-A364CCF449FC}
		{0A0E4B90-A992-D202-7B3C-CAA1079587E3} = {827E0CD3-B72D-47B6-A68D-7590B98EB39B}
		{D3F8B97C-C15C-410A-BB1D-9374C58EBF25} = {5D20AA90-6969-D8BD-9DCD-8634F4692FDA}
		{477653B8-AAAD-42A7-A4BE-64DBE58D0C51} = {5D20AA90-6969-D8BD-9DCD-8634F4692FDA}
		{6DA6897D-793E-444D-BD59-9EB799713124} = {5D20AA90-6969-D8BD-9DCD-8634F4692FDA}
		{24BF368B-E2F7-47D8-B1D2-2F76FB052CF0} = {5D20AA90-6969-D8BD-9DCD-8634F4692FDA}
		{0A8FE0FE-F0C0-427E-9114-16D181A53C66} = {5D20AA90-6969-D8BD-9DCD-8634F4692FDA}
		{B4942E45-F045-4132-8DA2-F71C78DEC0C6} = {5D20AA90-6969-D8BD-9DCD-8634F4692FDA}
		{B86FD4CC-1384-4685-B83A-1E43D80CAFE6} = {5D20AA90-6969-D8BD-9DCD-8634F4692FDA}
		{991ECB2F-BC05-40AA-A4A8-72B2424B0D55} = {5D20AA90-6969-D8BD-9DCD-8634F4692FDA}
		{97B9A781-EB71-4DC9-B6A7-DE7CF8266F89} = {5D20AA90-6969-D8BD-9DCD-8634F4692FDA}
		{B531B297-F7FD-4394-A526-FDD0ACBFF5C2} = {66320409-64EC-F7C5-3DEF-65E7510DAAD1}
		{CD55F18B-E170-4E76-9293-34A826DB740F} = {827E0CD3-B72D-47B6-A68D-7590B98EB39B}
		{9F979ED5-5434-4844-A8AC-5E0CF7ABE814} = {0C88DD14-F956-CE84-757C-A364CCF449FC}
		{AF5DAAF0-FD88-4BD3-BF49-9AC282C6BCF9} = {827E0CD3-B72D-47B6-A68D-7590B98EB39B}
		{B9F9A311-4C10-4502-9976-75D7263370E4} = {0C88DD14-F956-CE84-757C-A364CCF449FC}
		{B1112222-7A96-4D16-A9F6-5BE7B56BD82E} = {5D20AA90-6969-D8BD-9DCD-8634F4692FDA}
		{7572FBAD-829F-42ED-A9B6-E47CBC741224} = {827E0CD3-B72D-47B6-A68D-7590B98EB39B}
		{4174FE12-2785-4411-838A-052B03A87EC9} = {0C88DD14-F956-CE84-757C-A364CCF449FC}
		{C60320BA-C1A7-45D6-81CC-1C3741966D6B} = {827E0CD3-B72D-47B6-A68D-7590B98EB39B}
		{BA3F2EF7-B58B-481D-B851-F47E116C8D75} = {0C88DD14-F956-CE84-757C-A364CCF449FC}
		{7B9D95D3-2612-447D-8EC1-92B5644C5FA9} = {827E0CD3-B72D-47B6-A68D-7590B98EB39B}
		{6E6BE2D9-7B7E-4FE8-906A-3DD6E90B58A7} = {0C88DD14-F956-CE84-757C-A364CCF449FC}
		{749B3983-4B88-47B5-99ED-A32625BB1D08} = {0C88DD14-F956-CE84-757C-A364CCF449FC}
		{FAF0FA47-1835-4092-AB79-A56ACE87E583} = {827E0CD3-B72D-47B6-A68D-7590B98EB39B}
		{FC634D35-7C29-43D1-89D9-1AF95D76C792} = {0C88DD14-F956-CE84-757C-A364CCF449FC}
		{CB30EBD3-B2D5-4111-831A-EAA53DAE3336} = {827E0CD3-B72D-47B6-A68D-7590B98EB39B}
		{DC405815-2FF3-4E39-9C68-6872EFE3DF09} = {827E0CD3-B72D-47B6-A68D-7590B98EB39B}
		{BB3558F0-9B6C-42ED-AEBC-F18AD1A711E4} = {0C88DD14-F956-CE84-757C-A364CCF449FC}
		{44FED8BB-4579-485E-ACE5-C7801516F999} = {827E0CD3-B72D-47B6-A68D-7590B98EB39B}
		{FC6AB4A2-09E8-41F2-9DE4-284F24F6E11F} = {0C88DD14-F956-CE84-757C-A364CCF449FC}
		{6EFF1644-DB70-4A12-9D8D-71625D03951A} = {827E0CD3-B72D-47B6-A68D-7590B98EB39B}
		{F1FA1CE4-F16D-4696-9A47-22F523B380BF} = {0C88DD14-F956-CE84-757C-A364CCF449FC}
		{E966007E-5A6C-4248-B26E-7F7B743A58FE} = {827E0CD3-B72D-47B6-A68D-7590B98EB39B}
		{F9F7A88A-7FF5-4979-ABF7-AF2F19B93E12} = {827E0CD3-B72D-47B6-A68D-7590B98EB39B}
		{1C76B6DF-F7A7-495E-8787-F7373F3017FF} = {0C88DD14-F956-CE84-757C-A364CCF449FC}
		{F6D0C9B3-4770-44C7-9B14-7A4B9F64A9A8} = {827E0CD3-B72D-47B6-A68D-7590B98EB39B}
		{146A9EC8-93FF-4DC8-809B-32A3057F7E36} = {5D20AA90-6969-D8BD-9DCD-8634F4692FDA}
		{075CAEE1-552B-4BBE-BFA0-C3C675F67D46} = {0C88DD14-F956-CE84-757C-A364CCF449FC}
		{447BC005-CD43-4CCF-9D49-9819F954FA11} = {5D20AA90-6969-D8BD-9DCD-8634F4692FDA}
		{EE9513CD-E00C-47DC-91EE-60AE40D92A27} = {5D20AA90-6969-D8BD-9DCD-8634F4692FDA}
		{08FB9C21-E7E1-45C4-AF77-EB14F1D43B99} = {0C88DD14-F956-CE84-757C-A364CCF449FC}
		{4F1AF5AE-0C1D-4F86-894D-794DA3316EEB} = {827E0CD3-B72D-47B6-A68D-7590B98EB39B}
		{B51FABFF-CFF6-4D80-9A17-C8E35F430F1C} = {0C88DD14-F956-CE84-757C-A364CCF449FC}
		{0EA9F99D-7699-4AB0-980D-B7AA2490B4CC} = {827E0CD3-B72D-47B6-A68D-7590B98EB39B}
		{B90F5EC8-241A-4981-A4EE-ED8D61D0035F} = {827E0CD3-B72D-47B6-A68D-7590B98EB39B}
		{3F8ACB3C-1C19-465D-8EC7-DFD9DD7B7803} = {0C88DD14-F956-CE84-757C-A364CCF449FC}
		{90B5C5DF-CA1A-4010-A201-A98B220B6B9F} = {0C88DD14-F956-CE84-757C-A364CCF449FC}
		{9CB5A855-2727-4A07-A2F6-BD7ADD8D1B98} = {827E0CD3-B72D-47B6-A68D-7590B98EB39B}
	EndGlobalSection
	GlobalSection(ExtensibilityGlobals) = postSolution
		SolutionGuid = {6B5CFCE6-EF4C-43ED-ADA2-C357D7A87040}
	EndGlobalSection
EndGlobal
